// !$*UTF8*$!
{
	archiveVersion = 1;
	classes = {
	};
	objectVersion = 46;
	objects = {

/* Begin PBXBuildFile section */
		76277B9218BD6053007D8100 /* MapKit.framework in Frameworks */ = {isa = PBXBuildFile; fileRef = 76277B9118BD6053007D8100 /* MapKit.framework */; };
		768263CF1905C14B00089319 /* map5.png in Resources */ = {isa = PBXBuildFile; fileRef = 768263CE1905C14B00089319 /* map5.png */; };
		768263D31906EC5100089319 /* HTAutocompleteManager.m in Sources */ = {isa = PBXBuildFile; fileRef = 768263D21906EC5100089319 /* HTAutocompleteManager.m */; };
		768263DC1906ECF400089319 /* CHCSVParser.m in Sources */ = {isa = PBXBuildFile; fileRef = 768263D61906ECF400089319 /* CHCSVParser.m */; };
		768263DD1906ECF400089319 /* HTAutocompleteTextField.m in Sources */ = {isa = PBXBuildFile; fileRef = 768263D91906ECF400089319 /* HTAutocompleteTextField.m */; };
		768263DE1906ECF400089319 /* HTEmailAutocompleteTextField.m in Sources */ = {isa = PBXBuildFile; fileRef = 768263DB1906ECF400089319 /* HTEmailAutocompleteTextField.m */; };
		768264051906ED0900089319 /* AFHTTPRequestOperation.m in Sources */ = {isa = PBXBuildFile; fileRef = 768263E11906ED0900089319 /* AFHTTPRequestOperation.m */; };
		768264061906ED0900089319 /* AFHTTPRequestOperationManager.m in Sources */ = {isa = PBXBuildFile; fileRef = 768263E31906ED0900089319 /* AFHTTPRequestOperationManager.m */; };
		768264071906ED0900089319 /* AFHTTPSessionManager.m in Sources */ = {isa = PBXBuildFile; fileRef = 768263E51906ED0900089319 /* AFHTTPSessionManager.m */; };
		768264081906ED0900089319 /* AFNetworkReachabilityManager.m in Sources */ = {isa = PBXBuildFile; fileRef = 768263E81906ED0900089319 /* AFNetworkReachabilityManager.m */; };
		768264091906ED0900089319 /* AFSecurityPolicy.m in Sources */ = {isa = PBXBuildFile; fileRef = 768263EA1906ED0900089319 /* AFSecurityPolicy.m */; };
		7682640A1906ED0900089319 /* AFURLConnectionOperation.m in Sources */ = {isa = PBXBuildFile; fileRef = 768263EC1906ED0900089319 /* AFURLConnectionOperation.m */; };
		7682640B1906ED0900089319 /* AFURLRequestSerialization.m in Sources */ = {isa = PBXBuildFile; fileRef = 768263EE1906ED0900089319 /* AFURLRequestSerialization.m */; };
		7682640C1906ED0900089319 /* AFURLResponseSerialization.m in Sources */ = {isa = PBXBuildFile; fileRef = 768263F01906ED0900089319 /* AFURLResponseSerialization.m */; };
		7682640D1906ED0900089319 /* AFURLSessionManager.m in Sources */ = {isa = PBXBuildFile; fileRef = 768263F21906ED0900089319 /* AFURLSessionManager.m */; };
		7682640E1906ED0900089319 /* AFNetworkActivityIndicatorManager.m in Sources */ = {isa = PBXBuildFile; fileRef = 768263F51906ED0900089319 /* AFNetworkActivityIndicatorManager.m */; };
		7682640F1906ED0900089319 /* UIActivityIndicatorView+AFNetworking.m in Sources */ = {isa = PBXBuildFile; fileRef = 768263F71906ED0900089319 /* UIActivityIndicatorView+AFNetworking.m */; };
		768264101906ED0900089319 /* UIAlertView+AFNetworking.m in Sources */ = {isa = PBXBuildFile; fileRef = 768263F91906ED0900089319 /* UIAlertView+AFNetworking.m */; };
		768264111906ED0900089319 /* UIButton+AFNetworking.m in Sources */ = {isa = PBXBuildFile; fileRef = 768263FB1906ED0900089319 /* UIButton+AFNetworking.m */; };
		768264121906ED0900089319 /* UIImageView+AFNetworking.m in Sources */ = {isa = PBXBuildFile; fileRef = 768263FD1906ED0900089319 /* UIImageView+AFNetworking.m */; };
		768264131906ED0900089319 /* UIProgressView+AFNetworking.m in Sources */ = {isa = PBXBuildFile; fileRef = 768264001906ED0900089319 /* UIProgressView+AFNetworking.m */; };
		768264141906ED0900089319 /* UIRefreshControl+AFNetworking.m in Sources */ = {isa = PBXBuildFile; fileRef = 768264021906ED0900089319 /* UIRefreshControl+AFNetworking.m */; };
		768264151906ED0900089319 /* UIWebView+AFNetworking.m in Sources */ = {isa = PBXBuildFile; fileRef = 768264041906ED0900089319 /* UIWebView+AFNetworking.m */; };
		768264281906EF5C00089319 /* TripManager.m in Sources */ = {isa = PBXBuildFile; fileRef = 768264271906EF5C00089319 /* TripManager.m */; };
		76B9443719071436001B08DB /* add-item@2x.png in Resources */ = {isa = PBXBuildFile; fileRef = 76B9442919071436001B08DB /* add-item@2x.png */; };
		76B9443819071436001B08DB /* Icon-40@2x.png in Resources */ = {isa = PBXBuildFile; fileRef = 76B9442B19071436001B08DB /* Icon-40@2x.png */; };
		76B9443919071436001B08DB /* Icon-60@2x.png in Resources */ = {isa = PBXBuildFile; fileRef = 76B9442C19071436001B08DB /* Icon-60@2x.png */; };
		76B9443A19071436001B08DB /* Icon@2x.png in Resources */ = {isa = PBXBuildFile; fileRef = 76B9442D19071436001B08DB /* Icon@2x.png */; };
		76B9443B19071436001B08DB /* arrowDown@2x.png in Resources */ = {isa = PBXBuildFile; fileRef = 76B9442F19071436001B08DB /* arrowDown@2x.png */; };
		76B9443C19071436001B08DB /* arrowUp@2x.png in Resources */ = {isa = PBXBuildFile; fileRef = 76B9443019071436001B08DB /* arrowUp@2x.png */; };
		76B9443D19071436001B08DB /* calendar53@2x.png in Resources */ = {isa = PBXBuildFile; fileRef = 76B9443219071436001B08DB /* calendar53@2x.png */; };
		76B9443E19071436001B08DB /* CanadaCities.csv in Resources */ = {isa = PBXBuildFile; fileRef = 76B9443419071436001B08DB /* CanadaCities.csv */; };
		76B9443F19071436001B08DB /* map35@2x.png in Resources */ = {isa = PBXBuildFile; fileRef = 76B9443619071436001B08DB /* map35@2x.png */; };
		76C270B218B2A1E2003A49A3 /* Foundation.framework in Frameworks */ = {isa = PBXBuildFile; fileRef = 76C270B118B2A1E2003A49A3 /* Foundation.framework */; };
		76C270B418B2A1E2003A49A3 /* CoreGraphics.framework in Frameworks */ = {isa = PBXBuildFile; fileRef = 76C270B318B2A1E2003A49A3 /* CoreGraphics.framework */; };
		76C270B618B2A1E2003A49A3 /* UIKit.framework in Frameworks */ = {isa = PBXBuildFile; fileRef = 76C270B518B2A1E2003A49A3 /* UIKit.framework */; };
		76C270BC18B2A1E2003A49A3 /* InfoPlist.strings in Resources */ = {isa = PBXBuildFile; fileRef = 76C270BA18B2A1E2003A49A3 /* InfoPlist.strings */; };
		76C270BE18B2A1E2003A49A3 /* main.m in Sources */ = {isa = PBXBuildFile; fileRef = 76C270BD18B2A1E2003A49A3 /* main.m */; };
		76C270C218B2A1E2003A49A3 /* AppDelegate.m in Sources */ = {isa = PBXBuildFile; fileRef = 76C270C118B2A1E2003A49A3 /* AppDelegate.m */; };
		76C270C518B2A1E2003A49A3 /* Main.storyboard in Resources */ = {isa = PBXBuildFile; fileRef = 76C270C318B2A1E2003A49A3 /* Main.storyboard */; };
		76C270CA18B2A1E2003A49A3 /* Images.xcassets in Resources */ = {isa = PBXBuildFile; fileRef = 76C270C918B2A1E2003A49A3 /* Images.xcassets */; };
		76C270D118B2A1E2003A49A3 /* XCTest.framework in Frameworks */ = {isa = PBXBuildFile; fileRef = 76C270D018B2A1E2003A49A3 /* XCTest.framework */; };
		76C270D218B2A1E2003A49A3 /* Foundation.framework in Frameworks */ = {isa = PBXBuildFile; fileRef = 76C270B118B2A1E2003A49A3 /* Foundation.framework */; };
		76C270D318B2A1E2003A49A3 /* UIKit.framework in Frameworks */ = {isa = PBXBuildFile; fileRef = 76C270B518B2A1E2003A49A3 /* UIKit.framework */; };
		76C270DB18B2A1E2003A49A3 /* InfoPlist.strings in Resources */ = {isa = PBXBuildFile; fileRef = 76C270D918B2A1E2003A49A3 /* InfoPlist.strings */; };
		76C270DD18B2A1E2003A49A3 /* TravellerTests.m in Sources */ = {isa = PBXBuildFile; fileRef = 76C270DC18B2A1E2003A49A3 /* TravellerTests.m */; };
		76C2712218B2A60C003A49A3 /* EventKit.framework in Frameworks */ = {isa = PBXBuildFile; fileRef = 76C2712118B2A60C003A49A3 /* EventKit.framework */; };
		9F3747951900F152003D67C8 /* CalendarView.m in Sources */ = {isa = PBXBuildFile; fileRef = 9F37478D1900F152003D67C8 /* CalendarView.m */; };
		9F3747961900F152003D67C8 /* Checkbox.m in Sources */ = {isa = PBXBuildFile; fileRef = 9F3747901900F152003D67C8 /* Checkbox.m */; };
		9F3747971900F152003D67C8 /* MyScheduleTableCell.m in Sources */ = {isa = PBXBuildFile; fileRef = 9F3747941900F152003D67C8 /* MyScheduleTableCell.m */; };
		9F3747A71900F168003D67C8 /* AddDestinationViewController.m in Sources */ = {isa = PBXBuildFile; fileRef = 9F37479A1900F168003D67C8 /* AddDestinationViewController.m */; };
		9F3747A81900F168003D67C8 /* BookingTableViewController.m in Sources */ = {isa = PBXBuildFile; fileRef = 9F37479D1900F168003D67C8 /* BookingTableViewController.m */; };
		9F3747A91900F168003D67C8 /* BookingViewController.m in Sources */ = {isa = PBXBuildFile; fileRef = 9F3747A01900F168003D67C8 /* BookingViewController.m */; };
		9F3747AA1900F168003D67C8 /* CalendarViewController.m in Sources */ = {isa = PBXBuildFile; fileRef = 9F3747A31900F168003D67C8 /* CalendarViewController.m */; };
		9F3747AB1900F168003D67C8 /* SelectEventsTableViewController.m in Sources */ = {isa = PBXBuildFile; fileRef = 9F3747A61900F168003D67C8 /* SelectEventsTableViewController.m */; };
		9F3747C21900F213003D67C8 /* CalendarColorManager.m in Sources */ = {isa = PBXBuildFile; fileRef = 9F3747AE1900F213003D67C8 /* CalendarColorManager.m */; };
		9F3747C31900F213003D67C8 /* CalendarManager.m in Sources */ = {isa = PBXBuildFile; fileRef = 9F3747B01900F213003D67C8 /* CalendarManager.m */; };
		9F3747C41900F213003D67C8 /* City.m in Sources */ = {isa = PBXBuildFile; fileRef = 9F3747B31900F213003D67C8 /* City.m */; };
		9F3747C51900F213003D67C8 /* DataManager.m in Sources */ = {isa = PBXBuildFile; fileRef = 9F3747B51900F213003D67C8 /* DataManager.m */; };
		9F3747C61900F213003D67C8 /* Event.m in Sources */ = {isa = PBXBuildFile; fileRef = 9F3747B71900F213003D67C8 /* Event.m */; };
		9F3747C71900F213003D67C8 /* Trip.m in Sources */ = {isa = PBXBuildFile; fileRef = 9F3747B91900F213003D67C8 /* Trip.m */; };
		9F3747C81900F213003D67C8 /* TripDataStorage.xcdatamodeld in Sources */ = {isa = PBXBuildFile; fileRef = 9F3747BA1900F213003D67C8 /* TripDataStorage.xcdatamodeld */; };
		9F3747C91900F213003D67C8 /* LocationManager.m in Sources */ = {isa = PBXBuildFile; fileRef = 9F3747BE1900F213003D67C8 /* LocationManager.m */; };
		9F3747CA1900F213003D67C8 /* MockManager.m in Sources */ = {isa = PBXBuildFile; fileRef = 9F3747C11900F213003D67C8 /* MockManager.m */; };
		9F3747D01900F231003D67C8 /* CDTableViewController.m in Sources */ = {isa = PBXBuildFile; fileRef = 9F3747CE1900F231003D67C8 /* CDTableViewController.m */; };
		9F3747D11900F231003D67C8 /* CDTableViewController.xib in Resources */ = {isa = PBXBuildFile; fileRef = 9F3747CF1900F231003D67C8 /* CDTableViewController.xib */; };
		9F3747FB1900F290003D67C8 /* calendar70@2x.png in Resources */ = {isa = PBXBuildFile; fileRef = 9F3747F01900F290003D67C8 /* calendar70@2x.png */; };
		9F3747FC1900F290003D67C8 /* day1@2x.png in Resources */ = {isa = PBXBuildFile; fileRef = 9F3747F11900F290003D67C8 /* day1@2x.png */; };
		9F3747FD1900F290003D67C8 /* dustbin@2x.png in Resources */ = {isa = PBXBuildFile; fileRef = 9F3747F21900F290003D67C8 /* dustbin@2x.png */; };
		9F3747FE1900F290003D67C8 /* earth16@2x.png in Resources */ = {isa = PBXBuildFile; fileRef = 9F3747F31900F290003D67C8 /* earth16@2x.png */; };
		9F3748011900F290003D67C8 /* map49@2x.png in Resources */ = {isa = PBXBuildFile; fileRef = 9F3747F61900F290003D67C8 /* map49@2x.png */; };
		9F3748021900F290003D67C8 /* map54@@x.png in Resources */ = {isa = PBXBuildFile; fileRef = 9F3747F71900F290003D67C8 /* map54@@x.png */; };
		9F3748301900F2E3003D67C8 /* DSLCalendarDayCalloutView.m in Sources */ = {isa = PBXBuildFile; fileRef = 9F3748051900F2E3003D67C8 /* DSLCalendarDayCalloutView.m */; };
		9F3748311900F2E3003D67C8 /* DSLCalendarDayCalloutView.xib in Resources */ = {isa = PBXBuildFile; fileRef = 9F3748061900F2E3003D67C8 /* DSLCalendarDayCalloutView.xib */; };
		9F3748321900F2E3003D67C8 /* DSLCalendarDayView.m in Sources */ = {isa = PBXBuildFile; fileRef = 9F3748081900F2E3003D67C8 /* DSLCalendarDayView.m */; };
		9F3748331900F2E3003D67C8 /* DSLCalendarMonthSelectorView.m in Sources */ = {isa = PBXBuildFile; fileRef = 9F37480A1900F2E3003D67C8 /* DSLCalendarMonthSelectorView.m */; };
		9F3748341900F2E3003D67C8 /* DSLCalendarMonthSelectorView.xib in Resources */ = {isa = PBXBuildFile; fileRef = 9F37480B1900F2E3003D67C8 /* DSLCalendarMonthSelectorView.xib */; };
		9F3748351900F2E3003D67C8 /* DSLCalendarMonthView.m in Sources */ = {isa = PBXBuildFile; fileRef = 9F37480D1900F2E3003D67C8 /* DSLCalendarMonthView.m */; };
		9F3748361900F2E3003D67C8 /* DSLCalendarRange.m in Sources */ = {isa = PBXBuildFile; fileRef = 9F37480F1900F2E3003D67C8 /* DSLCalendarRange.m */; };
		9F3748371900F2E3003D67C8 /* DSLCalendarView.m in Sources */ = {isa = PBXBuildFile; fileRef = 9F3748111900F2E3003D67C8 /* DSLCalendarView.m */; };
		9F3748381900F2E3003D67C8 /* NSDate+DSLCalendarView.m in Sources */ = {isa = PBXBuildFile; fileRef = 9F3748131900F2E3003D67C8 /* NSDate+DSLCalendarView.m */; };
		9F3748391900F2E3003D67C8 /* FXBlurView.m in Sources */ = {isa = PBXBuildFile; fileRef = 9F3748161900F2E3003D67C8 /* FXBlurView.m */; };
		9F37483A1900F2E3003D67C8 /* MZAppearance.m in Sources */ = {isa = PBXBuildFile; fileRef = 9F37481A1900F2E3003D67C8 /* MZAppearance.m */; };
		9F37483B1900F2E3003D67C8 /* MZCustomTransition.m in Sources */ = {isa = PBXBuildFile; fileRef = 9F37481C1900F2E3003D67C8 /* MZCustomTransition.m */; };
		9F37483C1900F2E3003D67C8 /* MZNavigationViewController.m in Sources */ = {isa = PBXBuildFile; fileRef = 9F37481E1900F2E3003D67C8 /* MZNavigationViewController.m */; };
		9F37483D1900F2E3003D67C8 /* NSInvocation+Copy.m in Sources */ = {isa = PBXBuildFile; fileRef = 9F3748201900F2E3003D67C8 /* NSInvocation+Copy.m */; };
		9F37483E1900F2E3003D67C8 /* MZFormSheetBackgroundWindow.m in Sources */ = {isa = PBXBuildFile; fileRef = 9F3748231900F2E3003D67C8 /* MZFormSheetBackgroundWindow.m */; };
		9F37483F1900F2E3003D67C8 /* MZFormSheetBackgroundWindowViewController.m in Sources */ = {isa = PBXBuildFile; fileRef = 9F3748251900F2E3003D67C8 /* MZFormSheetBackgroundWindowViewController.m */; };
		9F3748401900F2E3003D67C8 /* MZFormSheetController.m in Sources */ = {isa = PBXBuildFile; fileRef = 9F3748271900F2E3003D67C8 /* MZFormSheetController.m */; };
		9F3748411900F2E3003D67C8 /* MZFormSheetSegue.m in Sources */ = {isa = PBXBuildFile; fileRef = 9F3748291900F2E3003D67C8 /* MZFormSheetSegue.m */; };
		9F3748421900F2E3003D67C8 /* MZTransition.m in Sources */ = {isa = PBXBuildFile; fileRef = 9F37482B1900F2E3003D67C8 /* MZTransition.m */; };
		9F3748431900F2E3003D67C8 /* UIImage+Additional.m in Sources */ = {isa = PBXBuildFile; fileRef = 9F37482D1900F2E3003D67C8 /* UIImage+Additional.m */; };
		9F3748441900F2E3003D67C8 /* UIViewController+TargetViewController.m in Sources */ = {isa = PBXBuildFile; fileRef = 9F37482F1900F2E3003D67C8 /* UIViewController+TargetViewController.m */; };
		9F37484A19010F19003D67C8 /* CalendarDayView.m in Sources */ = {isa = PBXBuildFile; fileRef = 9F37484919010F19003D67C8 /* CalendarDayView.m */; };
		9F54EB611901771600ABB05F /* EventViewController.m in Sources */ = {isa = PBXBuildFile; fileRef = 9F54EB601901771600ABB05F /* EventViewController.m */; };
		9FC4184618FFABD7001CC750 /* NSDate+Extensions.m in Sources */ = {isa = PBXBuildFile; fileRef = 9FC4184318FFABD7001CC750 /* NSDate+Extensions.m */; };
		9FC4184718FFABD7001CC750 /* NSObject+Extensions.m in Sources */ = {isa = PBXBuildFile; fileRef = 9FC4184518FFABD7001CC750 /* NSObject+Extensions.m */; };
		9FC4185F18FFAC6D001CC750 /* CoreData.framework in Frameworks */ = {isa = PBXBuildFile; fileRef = 9FC4185E18FFAC6D001CC750 /* CoreData.framework */; };
		9FC4186118FFAC74001CC750 /* CoreLocation.framework in Frameworks */ = {isa = PBXBuildFile; fileRef = 9FC4186018FFAC74001CC750 /* CoreLocation.framework */; };
/* End PBXBuildFile section */

/* Begin PBXContainerItemProxy section */
		76C270D418B2A1E2003A49A3 /* PBXContainerItemProxy */ = {
			isa = PBXContainerItemProxy;
			containerPortal = 76C270A618B2A1E2003A49A3 /* Project object */;
			proxyType = 1;
			remoteGlobalIDString = 76C270AD18B2A1E2003A49A3;
			remoteInfo = Traveller;
		};
/* End PBXContainerItemProxy section */

/* Begin PBXFileReference section */
		76277B9118BD6053007D8100 /* MapKit.framework */ = {isa = PBXFileReference; lastKnownFileType = wrapper.framework; name = MapKit.framework; path = System/Library/Frameworks/MapKit.framework; sourceTree = SDKROOT; };
		768263CE1905C14B00089319 /* map5.png */ = {isa = PBXFileReference; lastKnownFileType = image.png; name = map5.png; path = ../../Images/map5.png; sourceTree = "<group>"; };
		768263D11906EC5100089319 /* HTAutocompleteManager.h */ = {isa = PBXFileReference; fileEncoding = 4; lastKnownFileType = sourcecode.c.h; path = HTAutocompleteManager.h; sourceTree = "<group>"; };
		768263D21906EC5100089319 /* HTAutocompleteManager.m */ = {isa = PBXFileReference; fileEncoding = 4; lastKnownFileType = sourcecode.c.objc; path = HTAutocompleteManager.m; sourceTree = "<group>"; };
		768263D51906ECF400089319 /* CHCSVParser.h */ = {isa = PBXFileReference; fileEncoding = 4; lastKnownFileType = sourcecode.c.h; path = CHCSVParser.h; sourceTree = "<group>"; };
		768263D61906ECF400089319 /* CHCSVParser.m */ = {isa = PBXFileReference; fileEncoding = 4; lastKnownFileType = sourcecode.c.objc; path = CHCSVParser.m; sourceTree = "<group>"; };
		768263D81906ECF400089319 /* HTAutocompleteTextField.h */ = {isa = PBXFileReference; fileEncoding = 4; lastKnownFileType = sourcecode.c.h; path = HTAutocompleteTextField.h; sourceTree = "<group>"; };
		768263D91906ECF400089319 /* HTAutocompleteTextField.m */ = {isa = PBXFileReference; fileEncoding = 4; lastKnownFileType = sourcecode.c.objc; path = HTAutocompleteTextField.m; sourceTree = "<group>"; };
		768263DA1906ECF400089319 /* HTEmailAutocompleteTextField.h */ = {isa = PBXFileReference; fileEncoding = 4; lastKnownFileType = sourcecode.c.h; path = HTEmailAutocompleteTextField.h; sourceTree = "<group>"; };
		768263DB1906ECF400089319 /* HTEmailAutocompleteTextField.m */ = {isa = PBXFileReference; fileEncoding = 4; lastKnownFileType = sourcecode.c.objc; path = HTEmailAutocompleteTextField.m; sourceTree = "<group>"; };
		768263E01906ED0900089319 /* AFHTTPRequestOperation.h */ = {isa = PBXFileReference; fileEncoding = 4; lastKnownFileType = sourcecode.c.h; path = AFHTTPRequestOperation.h; sourceTree = "<group>"; };
		768263E11906ED0900089319 /* AFHTTPRequestOperation.m */ = {isa = PBXFileReference; fileEncoding = 4; lastKnownFileType = sourcecode.c.objc; path = AFHTTPRequestOperation.m; sourceTree = "<group>"; };
		768263E21906ED0900089319 /* AFHTTPRequestOperationManager.h */ = {isa = PBXFileReference; fileEncoding = 4; lastKnownFileType = sourcecode.c.h; path = AFHTTPRequestOperationManager.h; sourceTree = "<group>"; };
		768263E31906ED0900089319 /* AFHTTPRequestOperationManager.m */ = {isa = PBXFileReference; fileEncoding = 4; lastKnownFileType = sourcecode.c.objc; path = AFHTTPRequestOperationManager.m; sourceTree = "<group>"; };
		768263E41906ED0900089319 /* AFHTTPSessionManager.h */ = {isa = PBXFileReference; fileEncoding = 4; lastKnownFileType = sourcecode.c.h; path = AFHTTPSessionManager.h; sourceTree = "<group>"; };
		768263E51906ED0900089319 /* AFHTTPSessionManager.m */ = {isa = PBXFileReference; fileEncoding = 4; lastKnownFileType = sourcecode.c.objc; path = AFHTTPSessionManager.m; sourceTree = "<group>"; };
		768263E61906ED0900089319 /* AFNetworking.h */ = {isa = PBXFileReference; fileEncoding = 4; lastKnownFileType = sourcecode.c.h; path = AFNetworking.h; sourceTree = "<group>"; };
		768263E71906ED0900089319 /* AFNetworkReachabilityManager.h */ = {isa = PBXFileReference; fileEncoding = 4; lastKnownFileType = sourcecode.c.h; path = AFNetworkReachabilityManager.h; sourceTree = "<group>"; };
		768263E81906ED0900089319 /* AFNetworkReachabilityManager.m */ = {isa = PBXFileReference; fileEncoding = 4; lastKnownFileType = sourcecode.c.objc; path = AFNetworkReachabilityManager.m; sourceTree = "<group>"; };
		768263E91906ED0900089319 /* AFSecurityPolicy.h */ = {isa = PBXFileReference; fileEncoding = 4; lastKnownFileType = sourcecode.c.h; path = AFSecurityPolicy.h; sourceTree = "<group>"; };
		768263EA1906ED0900089319 /* AFSecurityPolicy.m */ = {isa = PBXFileReference; fileEncoding = 4; lastKnownFileType = sourcecode.c.objc; path = AFSecurityPolicy.m; sourceTree = "<group>"; };
		768263EB1906ED0900089319 /* AFURLConnectionOperation.h */ = {isa = PBXFileReference; fileEncoding = 4; lastKnownFileType = sourcecode.c.h; path = AFURLConnectionOperation.h; sourceTree = "<group>"; };
		768263EC1906ED0900089319 /* AFURLConnectionOperation.m */ = {isa = PBXFileReference; fileEncoding = 4; lastKnownFileType = sourcecode.c.objc; path = AFURLConnectionOperation.m; sourceTree = "<group>"; };
		768263ED1906ED0900089319 /* AFURLRequestSerialization.h */ = {isa = PBXFileReference; fileEncoding = 4; lastKnownFileType = sourcecode.c.h; path = AFURLRequestSerialization.h; sourceTree = "<group>"; };
		768263EE1906ED0900089319 /* AFURLRequestSerialization.m */ = {isa = PBXFileReference; fileEncoding = 4; lastKnownFileType = sourcecode.c.objc; path = AFURLRequestSerialization.m; sourceTree = "<group>"; };
		768263EF1906ED0900089319 /* AFURLResponseSerialization.h */ = {isa = PBXFileReference; fileEncoding = 4; lastKnownFileType = sourcecode.c.h; path = AFURLResponseSerialization.h; sourceTree = "<group>"; };
		768263F01906ED0900089319 /* AFURLResponseSerialization.m */ = {isa = PBXFileReference; fileEncoding = 4; lastKnownFileType = sourcecode.c.objc; path = AFURLResponseSerialization.m; sourceTree = "<group>"; };
		768263F11906ED0900089319 /* AFURLSessionManager.h */ = {isa = PBXFileReference; fileEncoding = 4; lastKnownFileType = sourcecode.c.h; path = AFURLSessionManager.h; sourceTree = "<group>"; };
		768263F21906ED0900089319 /* AFURLSessionManager.m */ = {isa = PBXFileReference; fileEncoding = 4; lastKnownFileType = sourcecode.c.objc; path = AFURLSessionManager.m; sourceTree = "<group>"; };
		768263F41906ED0900089319 /* AFNetworkActivityIndicatorManager.h */ = {isa = PBXFileReference; fileEncoding = 4; lastKnownFileType = sourcecode.c.h; path = AFNetworkActivityIndicatorManager.h; sourceTree = "<group>"; };
		768263F51906ED0900089319 /* AFNetworkActivityIndicatorManager.m */ = {isa = PBXFileReference; fileEncoding = 4; lastKnownFileType = sourcecode.c.objc; path = AFNetworkActivityIndicatorManager.m; sourceTree = "<group>"; };
		768263F61906ED0900089319 /* UIActivityIndicatorView+AFNetworking.h */ = {isa = PBXFileReference; fileEncoding = 4; lastKnownFileType = sourcecode.c.h; path = "UIActivityIndicatorView+AFNetworking.h"; sourceTree = "<group>"; };
		768263F71906ED0900089319 /* UIActivityIndicatorView+AFNetworking.m */ = {isa = PBXFileReference; fileEncoding = 4; lastKnownFileType = sourcecode.c.objc; path = "UIActivityIndicatorView+AFNetworking.m"; sourceTree = "<group>"; };
		768263F81906ED0900089319 /* UIAlertView+AFNetworking.h */ = {isa = PBXFileReference; fileEncoding = 4; lastKnownFileType = sourcecode.c.h; path = "UIAlertView+AFNetworking.h"; sourceTree = "<group>"; };
		768263F91906ED0900089319 /* UIAlertView+AFNetworking.m */ = {isa = PBXFileReference; fileEncoding = 4; lastKnownFileType = sourcecode.c.objc; path = "UIAlertView+AFNetworking.m"; sourceTree = "<group>"; };
		768263FA1906ED0900089319 /* UIButton+AFNetworking.h */ = {isa = PBXFileReference; fileEncoding = 4; lastKnownFileType = sourcecode.c.h; path = "UIButton+AFNetworking.h"; sourceTree = "<group>"; };
		768263FB1906ED0900089319 /* UIButton+AFNetworking.m */ = {isa = PBXFileReference; fileEncoding = 4; lastKnownFileType = sourcecode.c.objc; path = "UIButton+AFNetworking.m"; sourceTree = "<group>"; };
		768263FC1906ED0900089319 /* UIImageView+AFNetworking.h */ = {isa = PBXFileReference; fileEncoding = 4; lastKnownFileType = sourcecode.c.h; path = "UIImageView+AFNetworking.h"; sourceTree = "<group>"; };
		768263FD1906ED0900089319 /* UIImageView+AFNetworking.m */ = {isa = PBXFileReference; fileEncoding = 4; lastKnownFileType = sourcecode.c.objc; path = "UIImageView+AFNetworking.m"; sourceTree = "<group>"; };
		768263FE1906ED0900089319 /* UIKit+AFNetworking.h */ = {isa = PBXFileReference; fileEncoding = 4; lastKnownFileType = sourcecode.c.h; path = "UIKit+AFNetworking.h"; sourceTree = "<group>"; };
		768263FF1906ED0900089319 /* UIProgressView+AFNetworking.h */ = {isa = PBXFileReference; fileEncoding = 4; lastKnownFileType = sourcecode.c.h; path = "UIProgressView+AFNetworking.h"; sourceTree = "<group>"; };
		768264001906ED0900089319 /* UIProgressView+AFNetworking.m */ = {isa = PBXFileReference; fileEncoding = 4; lastKnownFileType = sourcecode.c.objc; path = "UIProgressView+AFNetworking.m"; sourceTree = "<group>"; };
		768264011906ED0900089319 /* UIRefreshControl+AFNetworking.h */ = {isa = PBXFileReference; fileEncoding = 4; lastKnownFileType = sourcecode.c.h; path = "UIRefreshControl+AFNetworking.h"; sourceTree = "<group>"; };
		768264021906ED0900089319 /* UIRefreshControl+AFNetworking.m */ = {isa = PBXFileReference; fileEncoding = 4; lastKnownFileType = sourcecode.c.objc; path = "UIRefreshControl+AFNetworking.m"; sourceTree = "<group>"; };
		768264031906ED0900089319 /* UIWebView+AFNetworking.h */ = {isa = PBXFileReference; fileEncoding = 4; lastKnownFileType = sourcecode.c.h; path = "UIWebView+AFNetworking.h"; sourceTree = "<group>"; };
		768264041906ED0900089319 /* UIWebView+AFNetworking.m */ = {isa = PBXFileReference; fileEncoding = 4; lastKnownFileType = sourcecode.c.objc; path = "UIWebView+AFNetworking.m"; sourceTree = "<group>"; };
		768264261906EF5C00089319 /* TripManager.h */ = {isa = PBXFileReference; fileEncoding = 4; lastKnownFileType = sourcecode.c.h; path = TripManager.h; sourceTree = "<group>"; };
		768264271906EF5C00089319 /* TripManager.m */ = {isa = PBXFileReference; fileEncoding = 4; lastKnownFileType = sourcecode.c.objc; path = TripManager.m; sourceTree = "<group>"; };
		76B9442919071436001B08DB /* add-item@2x.png */ = {isa = PBXFileReference; lastKnownFileType = image.png; path = "add-item@2x.png"; sourceTree = "<group>"; };
		76B9442B19071436001B08DB /* Icon-40@2x.png */ = {isa = PBXFileReference; lastKnownFileType = image.png; path = "Icon-40@2x.png"; sourceTree = "<group>"; };
		76B9442C19071436001B08DB /* Icon-60@2x.png */ = {isa = PBXFileReference; lastKnownFileType = image.png; path = "Icon-60@2x.png"; sourceTree = "<group>"; };
		76B9442D19071436001B08DB /* Icon@2x.png */ = {isa = PBXFileReference; lastKnownFileType = image.png; path = "Icon@2x.png"; sourceTree = "<group>"; };
		76B9442F19071436001B08DB /* arrowDown@2x.png */ = {isa = PBXFileReference; lastKnownFileType = image.png; path = "arrowDown@2x.png"; sourceTree = "<group>"; };
		76B9443019071436001B08DB /* arrowUp@2x.png */ = {isa = PBXFileReference; lastKnownFileType = image.png; path = "arrowUp@2x.png"; sourceTree = "<group>"; };
		76B9443219071436001B08DB /* calendar53@2x.png */ = {isa = PBXFileReference; lastKnownFileType = image.png; path = "calendar53@2x.png"; sourceTree = "<group>"; };
		76B9443419071436001B08DB /* CanadaCities.csv */ = {isa = PBXFileReference; fileEncoding = 4; lastKnownFileType = text; path = CanadaCities.csv; sourceTree = "<group>"; };
		76B9443619071436001B08DB /* map35@2x.png */ = {isa = PBXFileReference; lastKnownFileType = image.png; path = "map35@2x.png"; sourceTree = "<group>"; };
		76C270AE18B2A1E2003A49A3 /* Traveller.app */ = {isa = PBXFileReference; explicitFileType = wrapper.application; includeInIndex = 0; path = Traveller.app; sourceTree = BUILT_PRODUCTS_DIR; };
		76C270B118B2A1E2003A49A3 /* Foundation.framework */ = {isa = PBXFileReference; lastKnownFileType = wrapper.framework; name = Foundation.framework; path = System/Library/Frameworks/Foundation.framework; sourceTree = SDKROOT; };
		76C270B318B2A1E2003A49A3 /* CoreGraphics.framework */ = {isa = PBXFileReference; lastKnownFileType = wrapper.framework; name = CoreGraphics.framework; path = System/Library/Frameworks/CoreGraphics.framework; sourceTree = SDKROOT; };
		76C270B518B2A1E2003A49A3 /* UIKit.framework */ = {isa = PBXFileReference; lastKnownFileType = wrapper.framework; name = UIKit.framework; path = System/Library/Frameworks/UIKit.framework; sourceTree = SDKROOT; };
		76C270B918B2A1E2003A49A3 /* Traveller-Info.plist */ = {isa = PBXFileReference; lastKnownFileType = text.plist.xml; path = "Traveller-Info.plist"; sourceTree = "<group>"; };
		76C270BB18B2A1E2003A49A3 /* en */ = {isa = PBXFileReference; lastKnownFileType = text.plist.strings; name = en; path = en.lproj/InfoPlist.strings; sourceTree = "<group>"; };
		76C270BD18B2A1E2003A49A3 /* main.m */ = {isa = PBXFileReference; lastKnownFileType = sourcecode.c.objc; path = main.m; sourceTree = "<group>"; };
		76C270BF18B2A1E2003A49A3 /* Traveller-Prefix.pch */ = {isa = PBXFileReference; lastKnownFileType = sourcecode.c.h; path = "Traveller-Prefix.pch"; sourceTree = "<group>"; };
		76C270C018B2A1E2003A49A3 /* AppDelegate.h */ = {isa = PBXFileReference; lastKnownFileType = sourcecode.c.h; path = AppDelegate.h; sourceTree = "<group>"; };
		76C270C118B2A1E2003A49A3 /* AppDelegate.m */ = {isa = PBXFileReference; lastKnownFileType = sourcecode.c.objc; path = AppDelegate.m; sourceTree = "<group>"; };
		76C270C418B2A1E2003A49A3 /* Base */ = {isa = PBXFileReference; lastKnownFileType = file.storyboard; name = Base; path = Base.lproj/Main.storyboard; sourceTree = "<group>"; };
		76C270C918B2A1E2003A49A3 /* Images.xcassets */ = {isa = PBXFileReference; lastKnownFileType = folder.assetcatalog; path = Images.xcassets; sourceTree = "<group>"; };
		76C270CF18B2A1E2003A49A3 /* TravellerTests.xctest */ = {isa = PBXFileReference; explicitFileType = wrapper.cfbundle; includeInIndex = 0; path = TravellerTests.xctest; sourceTree = BUILT_PRODUCTS_DIR; };
		76C270D018B2A1E2003A49A3 /* XCTest.framework */ = {isa = PBXFileReference; lastKnownFileType = wrapper.framework; name = XCTest.framework; path = Library/Frameworks/XCTest.framework; sourceTree = DEVELOPER_DIR; };
		76C270D818B2A1E2003A49A3 /* TravellerTests-Info.plist */ = {isa = PBXFileReference; lastKnownFileType = text.plist.xml; path = "TravellerTests-Info.plist"; sourceTree = "<group>"; };
		76C270DA18B2A1E2003A49A3 /* en */ = {isa = PBXFileReference; lastKnownFileType = text.plist.strings; name = en; path = en.lproj/InfoPlist.strings; sourceTree = "<group>"; };
		76C270DC18B2A1E2003A49A3 /* TravellerTests.m */ = {isa = PBXFileReference; lastKnownFileType = sourcecode.c.objc; path = TravellerTests.m; sourceTree = "<group>"; };
		76C2712118B2A60C003A49A3 /* EventKit.framework */ = {isa = PBXFileReference; lastKnownFileType = wrapper.framework; name = EventKit.framework; path = System/Library/Frameworks/EventKit.framework; sourceTree = SDKROOT; };
		9F37478C1900F152003D67C8 /* CalendarView.h */ = {isa = PBXFileReference; fileEncoding = 4; lastKnownFileType = sourcecode.c.h; path = CalendarView.h; sourceTree = "<group>"; };
		9F37478D1900F152003D67C8 /* CalendarView.m */ = {isa = PBXFileReference; fileEncoding = 4; lastKnownFileType = sourcecode.c.objc; path = CalendarView.m; sourceTree = "<group>"; };
		9F37478F1900F152003D67C8 /* Checkbox.h */ = {isa = PBXFileReference; fileEncoding = 4; lastKnownFileType = sourcecode.c.h; path = Checkbox.h; sourceTree = "<group>"; };
		9F3747901900F152003D67C8 /* Checkbox.m */ = {isa = PBXFileReference; fileEncoding = 4; lastKnownFileType = sourcecode.c.objc; path = Checkbox.m; sourceTree = "<group>"; };
		9F3747931900F152003D67C8 /* MyScheduleTableCell.h */ = {isa = PBXFileReference; fileEncoding = 4; lastKnownFileType = sourcecode.c.h; path = MyScheduleTableCell.h; sourceTree = "<group>"; };
		9F3747941900F152003D67C8 /* MyScheduleTableCell.m */ = {isa = PBXFileReference; fileEncoding = 4; lastKnownFileType = sourcecode.c.objc; path = MyScheduleTableCell.m; sourceTree = "<group>"; };
		9F3747991900F168003D67C8 /* AddDestinationViewController.h */ = {isa = PBXFileReference; fileEncoding = 4; lastKnownFileType = sourcecode.c.h; path = AddDestinationViewController.h; sourceTree = "<group>"; };
		9F37479A1900F168003D67C8 /* AddDestinationViewController.m */ = {isa = PBXFileReference; fileEncoding = 4; lastKnownFileType = sourcecode.c.objc; path = AddDestinationViewController.m; sourceTree = "<group>"; };
		9F37479C1900F168003D67C8 /* BookingTableViewController.h */ = {isa = PBXFileReference; fileEncoding = 4; lastKnownFileType = sourcecode.c.h; path = BookingTableViewController.h; sourceTree = "<group>"; };
		9F37479D1900F168003D67C8 /* BookingTableViewController.m */ = {isa = PBXFileReference; fileEncoding = 4; lastKnownFileType = sourcecode.c.objc; path = BookingTableViewController.m; sourceTree = "<group>"; };
		9F37479F1900F168003D67C8 /* BookingViewController.h */ = {isa = PBXFileReference; fileEncoding = 4; lastKnownFileType = sourcecode.c.h; path = BookingViewController.h; sourceTree = "<group>"; };
		9F3747A01900F168003D67C8 /* BookingViewController.m */ = {isa = PBXFileReference; fileEncoding = 4; lastKnownFileType = sourcecode.c.objc; path = BookingViewController.m; sourceTree = "<group>"; };
		9F3747A21900F168003D67C8 /* CalendarViewController.h */ = {isa = PBXFileReference; fileEncoding = 4; lastKnownFileType = sourcecode.c.h; path = CalendarViewController.h; sourceTree = "<group>"; };
		9F3747A31900F168003D67C8 /* CalendarViewController.m */ = {isa = PBXFileReference; fileEncoding = 4; lastKnownFileType = sourcecode.c.objc; path = CalendarViewController.m; sourceTree = "<group>"; };
		9F3747A51900F168003D67C8 /* SelectEventsTableViewController.h */ = {isa = PBXFileReference; fileEncoding = 4; lastKnownFileType = sourcecode.c.h; path = SelectEventsTableViewController.h; sourceTree = "<group>"; };
		9F3747A61900F168003D67C8 /* SelectEventsTableViewController.m */ = {isa = PBXFileReference; fileEncoding = 4; lastKnownFileType = sourcecode.c.objc; path = SelectEventsTableViewController.m; sourceTree = "<group>"; };
		9F3747AD1900F213003D67C8 /* CalendarColorManager.h */ = {isa = PBXFileReference; fileEncoding = 4; lastKnownFileType = sourcecode.c.h; path = CalendarColorManager.h; sourceTree = "<group>"; };
		9F3747AE1900F213003D67C8 /* CalendarColorManager.m */ = {isa = PBXFileReference; fileEncoding = 4; lastKnownFileType = sourcecode.c.objc; path = CalendarColorManager.m; sourceTree = "<group>"; };
		9F3747AF1900F213003D67C8 /* CalendarManager.h */ = {isa = PBXFileReference; fileEncoding = 4; lastKnownFileType = sourcecode.c.h; path = CalendarManager.h; sourceTree = "<group>"; };
		9F3747B01900F213003D67C8 /* CalendarManager.m */ = {isa = PBXFileReference; fileEncoding = 4; lastKnownFileType = sourcecode.c.objc; path = CalendarManager.m; sourceTree = "<group>"; };
		9F3747B21900F213003D67C8 /* City.h */ = {isa = PBXFileReference; fileEncoding = 4; lastKnownFileType = sourcecode.c.h; path = City.h; sourceTree = "<group>"; };
		9F3747B31900F213003D67C8 /* City.m */ = {isa = PBXFileReference; fileEncoding = 4; lastKnownFileType = sourcecode.c.objc; path = City.m; sourceTree = "<group>"; };
		9F3747B41900F213003D67C8 /* DataManager.h */ = {isa = PBXFileReference; fileEncoding = 4; lastKnownFileType = sourcecode.c.h; path = DataManager.h; sourceTree = "<group>"; };
		9F3747B51900F213003D67C8 /* DataManager.m */ = {isa = PBXFileReference; fileEncoding = 4; lastKnownFileType = sourcecode.c.objc; path = DataManager.m; sourceTree = "<group>"; };
		9F3747B61900F213003D67C8 /* Event.h */ = {isa = PBXFileReference; fileEncoding = 4; lastKnownFileType = sourcecode.c.h; path = Event.h; sourceTree = "<group>"; };
		9F3747B71900F213003D67C8 /* Event.m */ = {isa = PBXFileReference; fileEncoding = 4; lastKnownFileType = sourcecode.c.objc; path = Event.m; sourceTree = "<group>"; };
		9F3747B81900F213003D67C8 /* Trip.h */ = {isa = PBXFileReference; fileEncoding = 4; lastKnownFileType = sourcecode.c.h; path = Trip.h; sourceTree = "<group>"; };
		9F3747B91900F213003D67C8 /* Trip.m */ = {isa = PBXFileReference; fileEncoding = 4; lastKnownFileType = sourcecode.c.objc; path = Trip.m; sourceTree = "<group>"; };
		9F3747BB1900F213003D67C8 /* TripDataStorage.xcdatamodel */ = {isa = PBXFileReference; lastKnownFileType = wrapper.xcdatamodel; path = TripDataStorage.xcdatamodel; sourceTree = "<group>"; };
		9F3747BD1900F213003D67C8 /* LocationManager.h */ = {isa = PBXFileReference; fileEncoding = 4; lastKnownFileType = sourcecode.c.h; path = LocationManager.h; sourceTree = "<group>"; };
		9F3747BE1900F213003D67C8 /* LocationManager.m */ = {isa = PBXFileReference; fileEncoding = 4; lastKnownFileType = sourcecode.c.objc; path = LocationManager.m; sourceTree = "<group>"; };
		9F3747C01900F213003D67C8 /* MockManager.h */ = {isa = PBXFileReference; fileEncoding = 4; lastKnownFileType = sourcecode.c.h; path = MockManager.h; sourceTree = "<group>"; };
		9F3747C11900F213003D67C8 /* MockManager.m */ = {isa = PBXFileReference; fileEncoding = 4; lastKnownFileType = sourcecode.c.objc; path = MockManager.m; sourceTree = "<group>"; };
		9F3747CD1900F231003D67C8 /* CDTableViewController.h */ = {isa = PBXFileReference; fileEncoding = 4; lastKnownFileType = sourcecode.c.h; path = CDTableViewController.h; sourceTree = "<group>"; };
		9F3747CE1900F231003D67C8 /* CDTableViewController.m */ = {isa = PBXFileReference; fileEncoding = 4; lastKnownFileType = sourcecode.c.objc; path = CDTableViewController.m; sourceTree = "<group>"; };
		9F3747CF1900F231003D67C8 /* CDTableViewController.xib */ = {isa = PBXFileReference; fileEncoding = 4; lastKnownFileType = file.xib; path = CDTableViewController.xib; sourceTree = "<group>"; };
		9F3747F01900F290003D67C8 /* calendar70@2x.png */ = {isa = PBXFileReference; lastKnownFileType = image.png; name = "calendar70@2x.png"; path = "../../Images/calendar70@2x.png"; sourceTree = "<group>"; };
		9F3747F11900F290003D67C8 /* day1@2x.png */ = {isa = PBXFileReference; lastKnownFileType = image.png; name = "day1@2x.png"; path = "../../Images/day1@2x.png"; sourceTree = "<group>"; };
		9F3747F21900F290003D67C8 /* dustbin@2x.png */ = {isa = PBXFileReference; lastKnownFileType = image.png; name = "dustbin@2x.png"; path = "../Images/dustbin@2x.png"; sourceTree = "<group>"; };
		9F3747F31900F290003D67C8 /* earth16@2x.png */ = {isa = PBXFileReference; lastKnownFileType = image.png; name = "earth16@2x.png"; path = "../../Images/earth16@2x.png"; sourceTree = "<group>"; };
		9F3747F61900F290003D67C8 /* map49@2x.png */ = {isa = PBXFileReference; lastKnownFileType = image.png; name = "map49@2x.png"; path = "../../Images/map49@2x.png"; sourceTree = "<group>"; };
		9F3747F71900F290003D67C8 /* map54@@x.png */ = {isa = PBXFileReference; lastKnownFileType = image.png; name = "map54@@x.png"; path = "../../Images/map54@@x.png"; sourceTree = "<group>"; };
		9F3748041900F2E3003D67C8 /* DSLCalendarDayCalloutView.h */ = {isa = PBXFileReference; fileEncoding = 4; lastKnownFileType = sourcecode.c.h; path = DSLCalendarDayCalloutView.h; sourceTree = "<group>"; };
		9F3748051900F2E3003D67C8 /* DSLCalendarDayCalloutView.m */ = {isa = PBXFileReference; fileEncoding = 4; lastKnownFileType = sourcecode.c.objc; path = DSLCalendarDayCalloutView.m; sourceTree = "<group>"; };
		9F3748061900F2E3003D67C8 /* DSLCalendarDayCalloutView.xib */ = {isa = PBXFileReference; fileEncoding = 4; lastKnownFileType = file.xib; path = DSLCalendarDayCalloutView.xib; sourceTree = "<group>"; };
		9F3748071900F2E3003D67C8 /* DSLCalendarDayView.h */ = {isa = PBXFileReference; fileEncoding = 4; lastKnownFileType = sourcecode.c.h; path = DSLCalendarDayView.h; sourceTree = "<group>"; };
		9F3748081900F2E3003D67C8 /* DSLCalendarDayView.m */ = {isa = PBXFileReference; fileEncoding = 4; lastKnownFileType = sourcecode.c.objc; path = DSLCalendarDayView.m; sourceTree = "<group>"; };
		9F3748091900F2E3003D67C8 /* DSLCalendarMonthSelectorView.h */ = {isa = PBXFileReference; fileEncoding = 4; lastKnownFileType = sourcecode.c.h; path = DSLCalendarMonthSelectorView.h; sourceTree = "<group>"; };
		9F37480A1900F2E3003D67C8 /* DSLCalendarMonthSelectorView.m */ = {isa = PBXFileReference; fileEncoding = 4; lastKnownFileType = sourcecode.c.objc; path = DSLCalendarMonthSelectorView.m; sourceTree = "<group>"; };
		9F37480B1900F2E3003D67C8 /* DSLCalendarMonthSelectorView.xib */ = {isa = PBXFileReference; fileEncoding = 4; lastKnownFileType = file.xib; path = DSLCalendarMonthSelectorView.xib; sourceTree = "<group>"; };
		9F37480C1900F2E3003D67C8 /* DSLCalendarMonthView.h */ = {isa = PBXFileReference; fileEncoding = 4; lastKnownFileType = sourcecode.c.h; path = DSLCalendarMonthView.h; sourceTree = "<group>"; };
		9F37480D1900F2E3003D67C8 /* DSLCalendarMonthView.m */ = {isa = PBXFileReference; fileEncoding = 4; lastKnownFileType = sourcecode.c.objc; path = DSLCalendarMonthView.m; sourceTree = "<group>"; };
		9F37480E1900F2E3003D67C8 /* DSLCalendarRange.h */ = {isa = PBXFileReference; fileEncoding = 4; lastKnownFileType = sourcecode.c.h; path = DSLCalendarRange.h; sourceTree = "<group>"; };
		9F37480F1900F2E3003D67C8 /* DSLCalendarRange.m */ = {isa = PBXFileReference; fileEncoding = 4; lastKnownFileType = sourcecode.c.objc; path = DSLCalendarRange.m; sourceTree = "<group>"; };
		9F3748101900F2E3003D67C8 /* DSLCalendarView.h */ = {isa = PBXFileReference; fileEncoding = 4; lastKnownFileType = sourcecode.c.h; path = DSLCalendarView.h; sourceTree = "<group>"; };
		9F3748111900F2E3003D67C8 /* DSLCalendarView.m */ = {isa = PBXFileReference; fileEncoding = 4; lastKnownFileType = sourcecode.c.objc; path = DSLCalendarView.m; sourceTree = "<group>"; };
		9F3748121900F2E3003D67C8 /* NSDate+DSLCalendarView.h */ = {isa = PBXFileReference; fileEncoding = 4; lastKnownFileType = sourcecode.c.h; path = "NSDate+DSLCalendarView.h"; sourceTree = "<group>"; };
		9F3748131900F2E3003D67C8 /* NSDate+DSLCalendarView.m */ = {isa = PBXFileReference; fileEncoding = 4; lastKnownFileType = sourcecode.c.objc; path = "NSDate+DSLCalendarView.m"; sourceTree = "<group>"; };
		9F3748151900F2E3003D67C8 /* FXBlurView.h */ = {isa = PBXFileReference; fileEncoding = 4; lastKnownFileType = sourcecode.c.h; path = FXBlurView.h; sourceTree = "<group>"; };
		9F3748161900F2E3003D67C8 /* FXBlurView.m */ = {isa = PBXFileReference; fileEncoding = 4; lastKnownFileType = sourcecode.c.objc; path = FXBlurView.m; sourceTree = "<group>"; };
		9F3748191900F2E3003D67C8 /* MZAppearance.h */ = {isa = PBXFileReference; fileEncoding = 4; lastKnownFileType = sourcecode.c.h; path = MZAppearance.h; sourceTree = "<group>"; };
		9F37481A1900F2E3003D67C8 /* MZAppearance.m */ = {isa = PBXFileReference; fileEncoding = 4; lastKnownFileType = sourcecode.c.objc; path = MZAppearance.m; sourceTree = "<group>"; };
		9F37481B1900F2E3003D67C8 /* MZCustomTransition.h */ = {isa = PBXFileReference; fileEncoding = 4; lastKnownFileType = sourcecode.c.h; path = MZCustomTransition.h; sourceTree = "<group>"; };
		9F37481C1900F2E3003D67C8 /* MZCustomTransition.m */ = {isa = PBXFileReference; fileEncoding = 4; lastKnownFileType = sourcecode.c.objc; path = MZCustomTransition.m; sourceTree = "<group>"; };
		9F37481D1900F2E3003D67C8 /* MZNavigationViewController.h */ = {isa = PBXFileReference; fileEncoding = 4; lastKnownFileType = sourcecode.c.h; path = MZNavigationViewController.h; sourceTree = "<group>"; };
		9F37481E1900F2E3003D67C8 /* MZNavigationViewController.m */ = {isa = PBXFileReference; fileEncoding = 4; lastKnownFileType = sourcecode.c.objc; path = MZNavigationViewController.m; sourceTree = "<group>"; };
		9F37481F1900F2E3003D67C8 /* NSInvocation+Copy.h */ = {isa = PBXFileReference; fileEncoding = 4; lastKnownFileType = sourcecode.c.h; path = "NSInvocation+Copy.h"; sourceTree = "<group>"; };
		9F3748201900F2E3003D67C8 /* NSInvocation+Copy.m */ = {isa = PBXFileReference; fileEncoding = 4; lastKnownFileType = sourcecode.c.objc; path = "NSInvocation+Copy.m"; sourceTree = "<group>"; };
		9F3748221900F2E3003D67C8 /* MZFormSheetBackgroundWindow.h */ = {isa = PBXFileReference; fileEncoding = 4; lastKnownFileType = sourcecode.c.h; path = MZFormSheetBackgroundWindow.h; sourceTree = "<group>"; };
		9F3748231900F2E3003D67C8 /* MZFormSheetBackgroundWindow.m */ = {isa = PBXFileReference; fileEncoding = 4; lastKnownFileType = sourcecode.c.objc; path = MZFormSheetBackgroundWindow.m; sourceTree = "<group>"; };
		9F3748241900F2E3003D67C8 /* MZFormSheetBackgroundWindowViewController.h */ = {isa = PBXFileReference; fileEncoding = 4; lastKnownFileType = sourcecode.c.h; path = MZFormSheetBackgroundWindowViewController.h; sourceTree = "<group>"; };
		9F3748251900F2E3003D67C8 /* MZFormSheetBackgroundWindowViewController.m */ = {isa = PBXFileReference; fileEncoding = 4; lastKnownFileType = sourcecode.c.objc; path = MZFormSheetBackgroundWindowViewController.m; sourceTree = "<group>"; };
		9F3748261900F2E3003D67C8 /* MZFormSheetController.h */ = {isa = PBXFileReference; fileEncoding = 4; lastKnownFileType = sourcecode.c.h; path = MZFormSheetController.h; sourceTree = "<group>"; };
		9F3748271900F2E3003D67C8 /* MZFormSheetController.m */ = {isa = PBXFileReference; fileEncoding = 4; lastKnownFileType = sourcecode.c.objc; path = MZFormSheetController.m; sourceTree = "<group>"; };
		9F3748281900F2E3003D67C8 /* MZFormSheetSegue.h */ = {isa = PBXFileReference; fileEncoding = 4; lastKnownFileType = sourcecode.c.h; path = MZFormSheetSegue.h; sourceTree = "<group>"; };
		9F3748291900F2E3003D67C8 /* MZFormSheetSegue.m */ = {isa = PBXFileReference; fileEncoding = 4; lastKnownFileType = sourcecode.c.objc; path = MZFormSheetSegue.m; sourceTree = "<group>"; };
		9F37482A1900F2E3003D67C8 /* MZTransition.h */ = {isa = PBXFileReference; fileEncoding = 4; lastKnownFileType = sourcecode.c.h; path = MZTransition.h; sourceTree = "<group>"; };
		9F37482B1900F2E3003D67C8 /* MZTransition.m */ = {isa = PBXFileReference; fileEncoding = 4; lastKnownFileType = sourcecode.c.objc; path = MZTransition.m; sourceTree = "<group>"; };
		9F37482C1900F2E3003D67C8 /* UIImage+Additional.h */ = {isa = PBXFileReference; fileEncoding = 4; lastKnownFileType = sourcecode.c.h; path = "UIImage+Additional.h"; sourceTree = "<group>"; };
		9F37482D1900F2E3003D67C8 /* UIImage+Additional.m */ = {isa = PBXFileReference; fileEncoding = 4; lastKnownFileType = sourcecode.c.objc; path = "UIImage+Additional.m"; sourceTree = "<group>"; };
		9F37482E1900F2E3003D67C8 /* UIViewController+TargetViewController.h */ = {isa = PBXFileReference; fileEncoding = 4; lastKnownFileType = sourcecode.c.h; path = "UIViewController+TargetViewController.h"; sourceTree = "<group>"; };
		9F37482F1900F2E3003D67C8 /* UIViewController+TargetViewController.m */ = {isa = PBXFileReference; fileEncoding = 4; lastKnownFileType = sourcecode.c.objc; path = "UIViewController+TargetViewController.m"; sourceTree = "<group>"; };
		9F37484819010F19003D67C8 /* CalendarDayView.h */ = {isa = PBXFileReference; fileEncoding = 4; lastKnownFileType = sourcecode.c.h; path = CalendarDayView.h; sourceTree = "<group>"; };
		9F37484919010F19003D67C8 /* CalendarDayView.m */ = {isa = PBXFileReference; fileEncoding = 4; lastKnownFileType = sourcecode.c.objc; path = CalendarDayView.m; sourceTree = "<group>"; };
		9F54EB5F1901771600ABB05F /* EventViewController.h */ = {isa = PBXFileReference; fileEncoding = 4; lastKnownFileType = sourcecode.c.h; path = EventViewController.h; sourceTree = "<group>"; };
		9F54EB601901771600ABB05F /* EventViewController.m */ = {isa = PBXFileReference; fileEncoding = 4; lastKnownFileType = sourcecode.c.objc; path = EventViewController.m; sourceTree = "<group>"; };
		9FC4184218FFABD7001CC750 /* NSDate+Extensions.h */ = {isa = PBXFileReference; fileEncoding = 4; lastKnownFileType = sourcecode.c.h; path = "NSDate+Extensions.h"; sourceTree = "<group>"; };
		9FC4184318FFABD7001CC750 /* NSDate+Extensions.m */ = {isa = PBXFileReference; fileEncoding = 4; lastKnownFileType = sourcecode.c.objc; path = "NSDate+Extensions.m"; sourceTree = "<group>"; };
		9FC4184418FFABD7001CC750 /* NSObject+Extensions.h */ = {isa = PBXFileReference; fileEncoding = 4; lastKnownFileType = sourcecode.c.h; path = "NSObject+Extensions.h"; sourceTree = "<group>"; };
		9FC4184518FFABD7001CC750 /* NSObject+Extensions.m */ = {isa = PBXFileReference; fileEncoding = 4; lastKnownFileType = sourcecode.c.objc; path = "NSObject+Extensions.m"; sourceTree = "<group>"; };
		9FC4185E18FFAC6D001CC750 /* CoreData.framework */ = {isa = PBXFileReference; lastKnownFileType = wrapper.framework; name = CoreData.framework; path = System/Library/Frameworks/CoreData.framework; sourceTree = SDKROOT; };
		9FC4186018FFAC74001CC750 /* CoreLocation.framework */ = {isa = PBXFileReference; lastKnownFileType = wrapper.framework; name = CoreLocation.framework; path = System/Library/Frameworks/CoreLocation.framework; sourceTree = SDKROOT; };
/* End PBXFileReference section */

/* Begin PBXFrameworksBuildPhase section */
		76C270AB18B2A1E2003A49A3 /* Frameworks */ = {
			isa = PBXFrameworksBuildPhase;
			buildActionMask = 2147483647;
			files = (
				9FC4186118FFAC74001CC750 /* CoreLocation.framework in Frameworks */,
				9FC4185F18FFAC6D001CC750 /* CoreData.framework in Frameworks */,
				76277B9218BD6053007D8100 /* MapKit.framework in Frameworks */,
				76C2712218B2A60C003A49A3 /* EventKit.framework in Frameworks */,
				76C270B418B2A1E2003A49A3 /* CoreGraphics.framework in Frameworks */,
				76C270B618B2A1E2003A49A3 /* UIKit.framework in Frameworks */,
				76C270B218B2A1E2003A49A3 /* Foundation.framework in Frameworks */,
			);
			runOnlyForDeploymentPostprocessing = 0;
		};
		76C270CC18B2A1E2003A49A3 /* Frameworks */ = {
			isa = PBXFrameworksBuildPhase;
			buildActionMask = 2147483647;
			files = (
				76C270D118B2A1E2003A49A3 /* XCTest.framework in Frameworks */,
				76C270D318B2A1E2003A49A3 /* UIKit.framework in Frameworks */,
				76C270D218B2A1E2003A49A3 /* Foundation.framework in Frameworks */,
			);
			runOnlyForDeploymentPostprocessing = 0;
		};
/* End PBXFrameworksBuildPhase section */

/* Begin PBXGroup section */
		768263D01906EC5100089319 /* AutocompleteManager */ = {
			isa = PBXGroup;
			children = (
				768263D11906EC5100089319 /* HTAutocompleteManager.h */,
				768263D21906EC5100089319 /* HTAutocompleteManager.m */,
			);
			path = AutocompleteManager;
			sourceTree = "<group>";
		};
		768263D41906ECF400089319 /* CHCSVParser */ = {
			isa = PBXGroup;
			children = (
				768263D51906ECF400089319 /* CHCSVParser.h */,
				768263D61906ECF400089319 /* CHCSVParser.m */,
			);
			path = CHCSVParser;
			sourceTree = "<group>";
		};
		768263D71906ECF400089319 /* HTAutocompleteTextField */ = {
			isa = PBXGroup;
			children = (
				768263D81906ECF400089319 /* HTAutocompleteTextField.h */,
				768263D91906ECF400089319 /* HTAutocompleteTextField.m */,
				768263DA1906ECF400089319 /* HTEmailAutocompleteTextField.h */,
				768263DB1906ECF400089319 /* HTEmailAutocompleteTextField.m */,
			);
			path = HTAutocompleteTextField;
			sourceTree = "<group>";
		};
		768263DF1906ED0900089319 /* AFNetworking */ = {
			isa = PBXGroup;
			children = (
				768263E01906ED0900089319 /* AFHTTPRequestOperation.h */,
				768263E11906ED0900089319 /* AFHTTPRequestOperation.m */,
				768263E21906ED0900089319 /* AFHTTPRequestOperationManager.h */,
				768263E31906ED0900089319 /* AFHTTPRequestOperationManager.m */,
				768263E41906ED0900089319 /* AFHTTPSessionManager.h */,
				768263E51906ED0900089319 /* AFHTTPSessionManager.m */,
				768263E61906ED0900089319 /* AFNetworking.h */,
				768263E71906ED0900089319 /* AFNetworkReachabilityManager.h */,
				768263E81906ED0900089319 /* AFNetworkReachabilityManager.m */,
				768263E91906ED0900089319 /* AFSecurityPolicy.h */,
				768263EA1906ED0900089319 /* AFSecurityPolicy.m */,
				768263EB1906ED0900089319 /* AFURLConnectionOperation.h */,
				768263EC1906ED0900089319 /* AFURLConnectionOperation.m */,
				768263ED1906ED0900089319 /* AFURLRequestSerialization.h */,
				768263EE1906ED0900089319 /* AFURLRequestSerialization.m */,
				768263EF1906ED0900089319 /* AFURLResponseSerialization.h */,
				768263F01906ED0900089319 /* AFURLResponseSerialization.m */,
				768263F11906ED0900089319 /* AFURLSessionManager.h */,
				768263F21906ED0900089319 /* AFURLSessionManager.m */,
			);
			path = AFNetworking;
			sourceTree = "<group>";
		};
		768263F31906ED0900089319 /* UIKit+AFNetworking */ = {
			isa = PBXGroup;
			children = (
				768263F41906ED0900089319 /* AFNetworkActivityIndicatorManager.h */,
				768263F51906ED0900089319 /* AFNetworkActivityIndicatorManager.m */,
				768263F61906ED0900089319 /* UIActivityIndicatorView+AFNetworking.h */,
				768263F71906ED0900089319 /* UIActivityIndicatorView+AFNetworking.m */,
				768263F81906ED0900089319 /* UIAlertView+AFNetworking.h */,
				768263F91906ED0900089319 /* UIAlertView+AFNetworking.m */,
				768263FA1906ED0900089319 /* UIButton+AFNetworking.h */,
				768263FB1906ED0900089319 /* UIButton+AFNetworking.m */,
				768263FC1906ED0900089319 /* UIImageView+AFNetworking.h */,
				768263FD1906ED0900089319 /* UIImageView+AFNetworking.m */,
				768263FE1906ED0900089319 /* UIKit+AFNetworking.h */,
				768263FF1906ED0900089319 /* UIProgressView+AFNetworking.h */,
				768264001906ED0900089319 /* UIProgressView+AFNetworking.m */,
				768264011906ED0900089319 /* UIRefreshControl+AFNetworking.h */,
				768264021906ED0900089319 /* UIRefreshControl+AFNetworking.m */,
				768264031906ED0900089319 /* UIWebView+AFNetworking.h */,
				768264041906ED0900089319 /* UIWebView+AFNetworking.m */,
			);
			path = "UIKit+AFNetworking";
			sourceTree = "<group>";
		};
		76B9442719071436001B08DB /* Resources */ = {
			isa = PBXGroup;
			children = (
				76B9444019071483001B08DB /* Delete */,
				76B9442819071436001B08DB /* Add */,
				76B9442A19071436001B08DB /* AppIcon */,
				76B9442E19071436001B08DB /* Arrow */,
				76B9443119071436001B08DB /* Calendar */,
				76B9443319071436001B08DB /* CanadaCities */,
				76B9443519071436001B08DB /* Map */,
			);
			path = Resources;
			sourceTree = "<group>";
		};
		76B9442819071436001B08DB /* Add */ = {
			isa = PBXGroup;
			children = (
				76B9442919071436001B08DB /* add-item@2x.png */,
			);
			path = Add;
			sourceTree = "<group>";
		};
		76B9442A19071436001B08DB /* AppIcon */ = {
			isa = PBXGroup;
			children = (
				76B9442B19071436001B08DB /* Icon-40@2x.png */,
				76B9442C19071436001B08DB /* Icon-60@2x.png */,
				76B9442D19071436001B08DB /* Icon@2x.png */,
			);
			path = AppIcon;
			sourceTree = "<group>";
		};
		76B9442E19071436001B08DB /* Arrow */ = {
			isa = PBXGroup;
			children = (
				76B9442F19071436001B08DB /* arrowDown@2x.png */,
				76B9443019071436001B08DB /* arrowUp@2x.png */,
			);
			path = Arrow;
			sourceTree = "<group>";
		};
		76B9443119071436001B08DB /* Calendar */ = {
			isa = PBXGroup;
			children = (
				76B9443219071436001B08DB /* calendar53@2x.png */,
				9F3747F01900F290003D67C8 /* calendar70@2x.png */,
				9F3747F11900F290003D67C8 /* day1@2x.png */,
			);
			path = Calendar;
			sourceTree = "<group>";
		};
		76B9443319071436001B08DB /* CanadaCities */ = {
			isa = PBXGroup;
			children = (
				76B9443419071436001B08DB /* CanadaCities.csv */,
			);
			path = CanadaCities;
			sourceTree = "<group>";
		};
		76B9443519071436001B08DB /* Map */ = {
			isa = PBXGroup;
			children = (
				768263CE1905C14B00089319 /* map5.png */,
				76B9443619071436001B08DB /* map35@2x.png */,
				9F3747F31900F290003D67C8 /* earth16@2x.png */,
				9F3747F61900F290003D67C8 /* map49@2x.png */,
				9F3747F71900F290003D67C8 /* map54@@x.png */,
			);
			path = Map;
			sourceTree = "<group>";
		};
		76B9444019071483001B08DB /* Delete */ = {
			isa = PBXGroup;
			children = (
				9F3747F21900F290003D67C8 /* dustbin@2x.png */,
			);
			name = Delete;
			sourceTree = "<group>";
		};
		76C270A518B2A1E2003A49A3 = {
			isa = PBXGroup;
			children = (
				76C270B718B2A1E2003A49A3 /* Traveller */,
				76C270D618B2A1E2003A49A3 /* TravellerTests */,
				76C270B018B2A1E2003A49A3 /* Frameworks */,
				76C270AF18B2A1E2003A49A3 /* Products */,
			);
			sourceTree = "<group>";
		};
		76C270AF18B2A1E2003A49A3 /* Products */ = {
			isa = PBXGroup;
			children = (
				76C270AE18B2A1E2003A49A3 /* Traveller.app */,
				76C270CF18B2A1E2003A49A3 /* TravellerTests.xctest */,
			);
			name = Products;
			sourceTree = "<group>";
		};
		76C270B018B2A1E2003A49A3 /* Frameworks */ = {
			isa = PBXGroup;
			children = (
				9FC4186018FFAC74001CC750 /* CoreLocation.framework */,
				9FC4185E18FFAC6D001CC750 /* CoreData.framework */,
				76277B9118BD6053007D8100 /* MapKit.framework */,
				76C2712118B2A60C003A49A3 /* EventKit.framework */,
				76C270B118B2A1E2003A49A3 /* Foundation.framework */,
				76C270B318B2A1E2003A49A3 /* CoreGraphics.framework */,
				76C270B518B2A1E2003A49A3 /* UIKit.framework */,
				76C270D018B2A1E2003A49A3 /* XCTest.framework */,
			);
			name = Frameworks;
			sourceTree = "<group>";
		};
		76C270B718B2A1E2003A49A3 /* Traveller */ = {
			isa = PBXGroup;
			children = (
				76B9442719071436001B08DB /* Resources */,
				76C2712018B2A3DC003A49A3 /* Libraries */,
				9FC4184118FFABD7001CC750 /* Utilities */,
				76C2711D18B2A3BA003A49A3 /* Models */,
				76C2711F18B2A3D3003A49A3 /* Controllers */,
				76C2711E18B2A3C8003A49A3 /* Views */,
				76C270C918B2A1E2003A49A3 /* Images.xcassets */,
				76C270B818B2A1E2003A49A3 /* Supporting Files */,
			);
			path = Traveller;
			sourceTree = "<group>";
		};
		76C270B818B2A1E2003A49A3 /* Supporting Files */ = {
			isa = PBXGroup;
			children = (
				76C270C018B2A1E2003A49A3 /* AppDelegate.h */,
				76C270C118B2A1E2003A49A3 /* AppDelegate.m */,
				76C270B918B2A1E2003A49A3 /* Traveller-Info.plist */,
				76C270BA18B2A1E2003A49A3 /* InfoPlist.strings */,
				76C270BD18B2A1E2003A49A3 /* main.m */,
				76C270BF18B2A1E2003A49A3 /* Traveller-Prefix.pch */,
			);
			name = "Supporting Files";
			sourceTree = "<group>";
		};
		76C270D618B2A1E2003A49A3 /* TravellerTests */ = {
			isa = PBXGroup;
			children = (
				76C270DC18B2A1E2003A49A3 /* TravellerTests.m */,
				76C270D718B2A1E2003A49A3 /* Supporting Files */,
			);
			path = TravellerTests;
			sourceTree = "<group>";
		};
		76C270D718B2A1E2003A49A3 /* Supporting Files */ = {
			isa = PBXGroup;
			children = (
				76C270D818B2A1E2003A49A3 /* TravellerTests-Info.plist */,
				76C270D918B2A1E2003A49A3 /* InfoPlist.strings */,
			);
			name = "Supporting Files";
			sourceTree = "<group>";
		};
		76C2711D18B2A3BA003A49A3 /* Models */ = {
			isa = PBXGroup;
			children = (
				768263D01906EC5100089319 /* AutocompleteManager */,
				9F3747AC1900F213003D67C8 /* CalendarManager */,
				9F3747B11900F213003D67C8 /* DataManager */,
				9F3747BC1900F213003D67C8 /* LocationManager */,
				9F3747BF1900F213003D67C8 /* MockManager */,
			);
			name = Models;
			sourceTree = "<group>";
		};
		76C2711E18B2A3C8003A49A3 /* Views */ = {
			isa = PBXGroup;
			children = (
				9F37478B1900F152003D67C8 /* CalendarView */,
				9F37478E1900F152003D67C8 /* Checkbox */,
				9F3747921900F152003D67C8 /* MyScheduleTableCell */,
				76C270C318B2A1E2003A49A3 /* Main.storyboard */,
			);
			name = Views;
			sourceTree = "<group>";
		};
		76C2711F18B2A3D3003A49A3 /* Controllers */ = {
			isa = PBXGroup;
			children = (
				9F3747CB1900F231003D67C8 /* Shared */,
				9F3747981900F168003D67C8 /* AddDestinationViewController */,
				9F37479B1900F168003D67C8 /* BookingTableViewController */,
				9F37479E1900F168003D67C8 /* BookingViewController */,
				9F3747A11900F168003D67C8 /* CalendarViewController */,
				9F3747A41900F168003D67C8 /* SelectEventsTableViewController */,
			);
			name = Controllers;
			sourceTree = "<group>";
		};
		76C2712018B2A3DC003A49A3 /* Libraries */ = {
			isa = PBXGroup;
			children = (
				768263DF1906ED0900089319 /* AFNetworking */,
				768263F31906ED0900089319 /* UIKit+AFNetworking */,
				768263D41906ECF400089319 /* CHCSVParser */,
				768263D71906ECF400089319 /* HTAutocompleteTextField */,
				9F3748031900F2E3003D67C8 /* DSLCalendarView */,
				9F3748141900F2E3003D67C8 /* FXBlurView */,
				9F3748171900F2E3003D67C8 /* MZFormSheet */,
			);
			name = Libraries;
			sourceTree = "<group>";
		};
		9F37478B1900F152003D67C8 /* CalendarView */ = {
			isa = PBXGroup;
			children = (
				9F37478C1900F152003D67C8 /* CalendarView.h */,
				9F37478D1900F152003D67C8 /* CalendarView.m */,
				9F37484819010F19003D67C8 /* CalendarDayView.h */,
				9F37484919010F19003D67C8 /* CalendarDayView.m */,
			);
			name = CalendarView;
			path = Views/CalendarView;
			sourceTree = "<group>";
		};
		9F37478E1900F152003D67C8 /* Checkbox */ = {
			isa = PBXGroup;
			children = (
				9F37478F1900F152003D67C8 /* Checkbox.h */,
				9F3747901900F152003D67C8 /* Checkbox.m */,
			);
			name = Checkbox;
			path = Views/Checkbox;
			sourceTree = "<group>";
		};
		9F3747921900F152003D67C8 /* MyScheduleTableCell */ = {
			isa = PBXGroup;
			children = (
				9F3747931900F152003D67C8 /* MyScheduleTableCell.h */,
				9F3747941900F152003D67C8 /* MyScheduleTableCell.m */,
			);
			name = MyScheduleTableCell;
			path = Views/MyScheduleTableCell;
			sourceTree = "<group>";
		};
		9F3747981900F168003D67C8 /* AddDestinationViewController */ = {
			isa = PBXGroup;
			children = (
				9F3747991900F168003D67C8 /* AddDestinationViewController.h */,
				9F37479A1900F168003D67C8 /* AddDestinationViewController.m */,
			);
			name = AddDestinationViewController;
			path = Controllers/AddDestinationViewController;
			sourceTree = "<group>";
		};
		9F37479B1900F168003D67C8 /* BookingTableViewController */ = {
			isa = PBXGroup;
			children = (
				9F37479C1900F168003D67C8 /* BookingTableViewController.h */,
				9F37479D1900F168003D67C8 /* BookingTableViewController.m */,
			);
			name = BookingTableViewController;
			path = Controllers/BookingTableViewController;
			sourceTree = "<group>";
		};
		9F37479E1900F168003D67C8 /* BookingViewController */ = {
			isa = PBXGroup;
			children = (
				9F37479F1900F168003D67C8 /* BookingViewController.h */,
				9F3747A01900F168003D67C8 /* BookingViewController.m */,
			);
			name = BookingViewController;
			path = Controllers/BookingViewController;
			sourceTree = "<group>";
		};
		9F3747A11900F168003D67C8 /* CalendarViewController */ = {
			isa = PBXGroup;
			children = (
				9F3747A21900F168003D67C8 /* CalendarViewController.h */,
				9F3747A31900F168003D67C8 /* CalendarViewController.m */,
			);
			name = CalendarViewController;
			path = Controllers/CalendarViewController;
			sourceTree = "<group>";
		};
		9F3747A41900F168003D67C8 /* SelectEventsTableViewController */ = {
			isa = PBXGroup;
			children = (
				9F3747A51900F168003D67C8 /* SelectEventsTableViewController.h */,
				9F3747A61900F168003D67C8 /* SelectEventsTableViewController.m */,
			);
			name = SelectEventsTableViewController;
			path = Controllers/SelectEventsTableViewController;
			sourceTree = "<group>";
		};
		9F3747AC1900F213003D67C8 /* CalendarManager */ = {
			isa = PBXGroup;
			children = (
				9F3747AD1900F213003D67C8 /* CalendarColorManager.h */,
				9F3747AE1900F213003D67C8 /* CalendarColorManager.m */,
				9F3747AF1900F213003D67C8 /* CalendarManager.h */,
				9F3747B01900F213003D67C8 /* CalendarManager.m */,
			);
			name = CalendarManager;
			path = Models/CalendarManager;
			sourceTree = "<group>";
		};
		9F3747B11900F213003D67C8 /* DataManager */ = {
			isa = PBXGroup;
			children = (
				9F3747B21900F213003D67C8 /* City.h */,
				9F3747B31900F213003D67C8 /* City.m */,
				9F3747B41900F213003D67C8 /* DataManager.h */,
				9F3747B51900F213003D67C8 /* DataManager.m */,
				9F3747B61900F213003D67C8 /* Event.h */,
				9F3747B71900F213003D67C8 /* Event.m */,
				9F3747B81900F213003D67C8 /* Trip.h */,
				9F3747B91900F213003D67C8 /* Trip.m */,
				768264261906EF5C00089319 /* TripManager.h */,
				768264271906EF5C00089319 /* TripManager.m */,
				9F3747BA1900F213003D67C8 /* TripDataStorage.xcdatamodeld */,
			);
			name = DataManager;
			path = Models/DataManager;
			sourceTree = "<group>";
		};
		9F3747BC1900F213003D67C8 /* LocationManager */ = {
			isa = PBXGroup;
			children = (
				9F3747BD1900F213003D67C8 /* LocationManager.h */,
				9F3747BE1900F213003D67C8 /* LocationManager.m */,
			);
			name = LocationManager;
			path = Models/LocationManager;
			sourceTree = "<group>";
		};
		9F3747BF1900F213003D67C8 /* MockManager */ = {
			isa = PBXGroup;
			children = (
				9F3747C01900F213003D67C8 /* MockManager.h */,
				9F3747C11900F213003D67C8 /* MockManager.m */,
			);
			name = MockManager;
			path = Models/MockManager;
			sourceTree = "<group>";
		};
		9F3747CB1900F231003D67C8 /* Shared */ = {
			isa = PBXGroup;
			children = (
				9F3747CC1900F231003D67C8 /* CDTableViewController */,
				9F54EB5E1901770400ABB05F /* EventViewController */,
			);
			name = Shared;
			path = Controllers/Shared;
			sourceTree = "<group>";
		};
		9F3747CC1900F231003D67C8 /* CDTableViewController */ = {
			isa = PBXGroup;
			children = (
				9F3747CD1900F231003D67C8 /* CDTableViewController.h */,
				9F3747CE1900F231003D67C8 /* CDTableViewController.m */,
				9F3747CF1900F231003D67C8 /* CDTableViewController.xib */,
			);
			path = CDTableViewController;
			sourceTree = "<group>";
		};
		9F3748031900F2E3003D67C8 /* DSLCalendarView */ = {
			isa = PBXGroup;
			children = (
				9F3748041900F2E3003D67C8 /* DSLCalendarDayCalloutView.h */,
				9F3748051900F2E3003D67C8 /* DSLCalendarDayCalloutView.m */,
				9F3748061900F2E3003D67C8 /* DSLCalendarDayCalloutView.xib */,
				9F3748071900F2E3003D67C8 /* DSLCalendarDayView.h */,
				9F3748081900F2E3003D67C8 /* DSLCalendarDayView.m */,
				9F3748091900F2E3003D67C8 /* DSLCalendarMonthSelectorView.h */,
				9F37480A1900F2E3003D67C8 /* DSLCalendarMonthSelectorView.m */,
				9F37480B1900F2E3003D67C8 /* DSLCalendarMonthSelectorView.xib */,
				9F37480C1900F2E3003D67C8 /* DSLCalendarMonthView.h */,
				9F37480D1900F2E3003D67C8 /* DSLCalendarMonthView.m */,
				9F37480E1900F2E3003D67C8 /* DSLCalendarRange.h */,
				9F37480F1900F2E3003D67C8 /* DSLCalendarRange.m */,
				9F3748101900F2E3003D67C8 /* DSLCalendarView.h */,
				9F3748111900F2E3003D67C8 /* DSLCalendarView.m */,
				9F3748121900F2E3003D67C8 /* NSDate+DSLCalendarView.h */,
				9F3748131900F2E3003D67C8 /* NSDate+DSLCalendarView.m */,
			);
			name = DSLCalendarView;
			path = Lib/DSLCalendarView;
			sourceTree = "<group>";
		};
		9F3748141900F2E3003D67C8 /* FXBlurView */ = {
			isa = PBXGroup;
			children = (
				9F3748151900F2E3003D67C8 /* FXBlurView.h */,
				9F3748161900F2E3003D67C8 /* FXBlurView.m */,
			);
			name = FXBlurView;
			path = Lib/FXBlurView;
			sourceTree = "<group>";
		};
		9F3748171900F2E3003D67C8 /* MZFormSheet */ = {
			isa = PBXGroup;
			children = (
				9F3748181900F2E3003D67C8 /* Additional */,
				9F3748211900F2E3003D67C8 /* MZFormSheetController */,
			);
			name = MZFormSheet;
			path = Lib/MZFormSheet;
			sourceTree = "<group>";
		};
		9F3748181900F2E3003D67C8 /* Additional */ = {
			isa = PBXGroup;
			children = (
				9F3748191900F2E3003D67C8 /* MZAppearance.h */,
				9F37481A1900F2E3003D67C8 /* MZAppearance.m */,
				9F37481B1900F2E3003D67C8 /* MZCustomTransition.h */,
				9F37481C1900F2E3003D67C8 /* MZCustomTransition.m */,
				9F37481D1900F2E3003D67C8 /* MZNavigationViewController.h */,
				9F37481E1900F2E3003D67C8 /* MZNavigationViewController.m */,
				9F37481F1900F2E3003D67C8 /* NSInvocation+Copy.h */,
				9F3748201900F2E3003D67C8 /* NSInvocation+Copy.m */,
			);
			path = Additional;
			sourceTree = "<group>";
		};
		9F3748211900F2E3003D67C8 /* MZFormSheetController */ = {
			isa = PBXGroup;
			children = (
				9F3748221900F2E3003D67C8 /* MZFormSheetBackgroundWindow.h */,
				9F3748231900F2E3003D67C8 /* MZFormSheetBackgroundWindow.m */,
				9F3748241900F2E3003D67C8 /* MZFormSheetBackgroundWindowViewController.h */,
				9F3748251900F2E3003D67C8 /* MZFormSheetBackgroundWindowViewController.m */,
				9F3748261900F2E3003D67C8 /* MZFormSheetController.h */,
				9F3748271900F2E3003D67C8 /* MZFormSheetController.m */,
				9F3748281900F2E3003D67C8 /* MZFormSheetSegue.h */,
				9F3748291900F2E3003D67C8 /* MZFormSheetSegue.m */,
				9F37482A1900F2E3003D67C8 /* MZTransition.h */,
				9F37482B1900F2E3003D67C8 /* MZTransition.m */,
				9F37482C1900F2E3003D67C8 /* UIImage+Additional.h */,
				9F37482D1900F2E3003D67C8 /* UIImage+Additional.m */,
				9F37482E1900F2E3003D67C8 /* UIViewController+TargetViewController.h */,
				9F37482F1900F2E3003D67C8 /* UIViewController+TargetViewController.m */,
			);
			path = MZFormSheetController;
			sourceTree = "<group>";
		};
		9F54EB5E1901770400ABB05F /* EventViewController */ = {
			isa = PBXGroup;
			children = (
				9F54EB5F1901771600ABB05F /* EventViewController.h */,
				9F54EB601901771600ABB05F /* EventViewController.m */,
			);
			path = EventViewController;
			sourceTree = "<group>";
		};
		9FC4184118FFABD7001CC750 /* Utilities */ = {
			isa = PBXGroup;
			children = (
				9FC4184218FFABD7001CC750 /* NSDate+Extensions.h */,
				9FC4184318FFABD7001CC750 /* NSDate+Extensions.m */,
				9FC4184418FFABD7001CC750 /* NSObject+Extensions.h */,
				9FC4184518FFABD7001CC750 /* NSObject+Extensions.m */,
			);
			path = Utilities;
			sourceTree = "<group>";
		};
/* End PBXGroup section */

/* Begin PBXNativeTarget section */
		76C270AD18B2A1E2003A49A3 /* Traveller */ = {
			isa = PBXNativeTarget;
			buildConfigurationList = 76C270E018B2A1E2003A49A3 /* Build configuration list for PBXNativeTarget "Traveller" */;
			buildPhases = (
				76C270AA18B2A1E2003A49A3 /* Sources */,
				76C270AB18B2A1E2003A49A3 /* Frameworks */,
				76C270AC18B2A1E2003A49A3 /* Resources */,
			);
			buildRules = (
			);
			dependencies = (
			);
			name = Traveller;
			productName = Traveller;
			productReference = 76C270AE18B2A1E2003A49A3 /* Traveller.app */;
			productType = "com.apple.product-type.application";
		};
		76C270CE18B2A1E2003A49A3 /* TravellerTests */ = {
			isa = PBXNativeTarget;
			buildConfigurationList = 76C270E318B2A1E2003A49A3 /* Build configuration list for PBXNativeTarget "TravellerTests" */;
			buildPhases = (
				76C270CB18B2A1E2003A49A3 /* Sources */,
				76C270CC18B2A1E2003A49A3 /* Frameworks */,
				76C270CD18B2A1E2003A49A3 /* Resources */,
			);
			buildRules = (
			);
			dependencies = (
				76C270D518B2A1E2003A49A3 /* PBXTargetDependency */,
			);
			name = TravellerTests;
			productName = TravellerTests;
			productReference = 76C270CF18B2A1E2003A49A3 /* TravellerTests.xctest */;
			productType = "com.apple.product-type.bundle.unit-test";
		};
/* End PBXNativeTarget section */

/* Begin PBXProject section */
		76C270A618B2A1E2003A49A3 /* Project object */ = {
			isa = PBXProject;
			attributes = {
				LastUpgradeCheck = 0510;
				ORGANIZATIONNAME = Istuary;
				TargetAttributes = {
					76C270CE18B2A1E2003A49A3 = {
						TestTargetID = 76C270AD18B2A1E2003A49A3;
					};
				};
			};
			buildConfigurationList = 76C270A918B2A1E2003A49A3 /* Build configuration list for PBXProject "Traveller" */;
			compatibilityVersion = "Xcode 3.2";
			developmentRegion = English;
			hasScannedForEncodings = 0;
			knownRegions = (
				en,
				Base,
			);
			mainGroup = 76C270A518B2A1E2003A49A3;
			productRefGroup = 76C270AF18B2A1E2003A49A3 /* Products */;
			projectDirPath = "";
			projectRoot = "";
			targets = (
				76C270AD18B2A1E2003A49A3 /* Traveller */,
				76C270CE18B2A1E2003A49A3 /* TravellerTests */,
			);
		};
/* End PBXProject section */

/* Begin PBXResourcesBuildPhase section */
		76C270AC18B2A1E2003A49A3 /* Resources */ = {
			isa = PBXResourcesBuildPhase;
			buildActionMask = 2147483647;
			files = (
				9F3747FB1900F290003D67C8 /* calendar70@2x.png in Resources */,
				76B9443D19071436001B08DB /* calendar53@2x.png in Resources */,
				768263CF1905C14B00089319 /* map5.png in Resources */,
				76B9443C19071436001B08DB /* arrowUp@2x.png in Resources */,
				9F3748341900F2E3003D67C8 /* DSLCalendarMonthSelectorView.xib in Resources */,
				76C270CA18B2A1E2003A49A3 /* Images.xcassets in Resources */,
				76B9443A19071436001B08DB /* Icon@2x.png in Resources */,
				9F3748011900F290003D67C8 /* map49@2x.png in Resources */,
				9F3747FE1900F290003D67C8 /* earth16@2x.png in Resources */,
				76C270BC18B2A1E2003A49A3 /* InfoPlist.strings in Resources */,
				76B9443B19071436001B08DB /* arrowDown@2x.png in Resources */,
				76B9443819071436001B08DB /* Icon-40@2x.png in Resources */,
				9F3748311900F2E3003D67C8 /* DSLCalendarDayCalloutView.xib in Resources */,
				9F3747D11900F231003D67C8 /* CDTableViewController.xib in Resources */,
				9F3748021900F290003D67C8 /* map54@@x.png in Resources */,
				9F3747FD1900F290003D67C8 /* dustbin@2x.png in Resources */,
				76C270C518B2A1E2003A49A3 /* Main.storyboard in Resources */,
				76B9443919071436001B08DB /* Icon-60@2x.png in Resources */,
				76B9443719071436001B08DB /* add-item@2x.png in Resources */,
				76B9443F19071436001B08DB /* map35@2x.png in Resources */,
				9F3747FC1900F290003D67C8 /* day1@2x.png in Resources */,
				76B9443E19071436001B08DB /* CanadaCities.csv in Resources */,
			);
			runOnlyForDeploymentPostprocessing = 0;
		};
		76C270CD18B2A1E2003A49A3 /* Resources */ = {
			isa = PBXResourcesBuildPhase;
			buildActionMask = 2147483647;
			files = (
				76C270DB18B2A1E2003A49A3 /* InfoPlist.strings in Resources */,
			);
			runOnlyForDeploymentPostprocessing = 0;
		};
/* End PBXResourcesBuildPhase section */

/* Begin PBXSourcesBuildPhase section */
		76C270AA18B2A1E2003A49A3 /* Sources */ = {
			isa = PBXSourcesBuildPhase;
			buildActionMask = 2147483647;
			files = (
				9F3748301900F2E3003D67C8 /* DSLCalendarDayCalloutView.m in Sources */,
				9F37483A1900F2E3003D67C8 /* MZAppearance.m in Sources */,
				9F3747C71900F213003D67C8 /* Trip.m in Sources */,
				9F3747951900F152003D67C8 /* CalendarView.m in Sources */,
				7682640C1906ED0900089319 /* AFURLResponseSerialization.m in Sources */,
				9F3747C41900F213003D67C8 /* City.m in Sources */,
				9F3747AB1900F168003D67C8 /* SelectEventsTableViewController.m in Sources */,
				9F3747C81900F213003D67C8 /* TripDataStorage.xcdatamodeld in Sources */,
				768264121906ED0900089319 /* UIImageView+AFNetworking.m in Sources */,
				9F3747C61900F213003D67C8 /* Event.m in Sources */,
				768263DC1906ECF400089319 /* CHCSVParser.m in Sources */,
				768264101906ED0900089319 /* UIAlertView+AFNetworking.m in Sources */,
				9FC4184718FFABD7001CC750 /* NSObject+Extensions.m in Sources */,
				9F54EB611901771600ABB05F /* EventViewController.m in Sources */,
				9F3747A71900F168003D67C8 /* AddDestinationViewController.m in Sources */,
				9F3747C91900F213003D67C8 /* LocationManager.m in Sources */,
				9F3747C31900F213003D67C8 /* CalendarManager.m in Sources */,
				9F3748431900F2E3003D67C8 /* UIImage+Additional.m in Sources */,
				9F3747971900F152003D67C8 /* MyScheduleTableCell.m in Sources */,
				7682640D1906ED0900089319 /* AFURLSessionManager.m in Sources */,
				9F3747C21900F213003D67C8 /* CalendarColorManager.m in Sources */,
				9F3748321900F2E3003D67C8 /* DSLCalendarDayView.m in Sources */,
				9F3747A81900F168003D67C8 /* BookingTableViewController.m in Sources */,
				9F3748331900F2E3003D67C8 /* DSLCalendarMonthSelectorView.m in Sources */,
				7682640F1906ED0900089319 /* UIActivityIndicatorView+AFNetworking.m in Sources */,
				9F3748441900F2E3003D67C8 /* UIViewController+TargetViewController.m in Sources */,
				7682640E1906ED0900089319 /* AFNetworkActivityIndicatorManager.m in Sources */,
				768264111906ED0900089319 /* UIButton+AFNetworking.m in Sources */,
				9F3747961900F152003D67C8 /* Checkbox.m in Sources */,
				9F3748391900F2E3003D67C8 /* FXBlurView.m in Sources */,
				768263DD1906ECF400089319 /* HTAutocompleteTextField.m in Sources */,
				9F37483C1900F2E3003D67C8 /* MZNavigationViewController.m in Sources */,
				9F3747CA1900F213003D67C8 /* MockManager.m in Sources */,
				9F37483F1900F2E3003D67C8 /* MZFormSheetBackgroundWindowViewController.m in Sources */,
				7682640B1906ED0900089319 /* AFURLRequestSerialization.m in Sources */,
				9F3748381900F2E3003D67C8 /* NSDate+DSLCalendarView.m in Sources */,
				768264151906ED0900089319 /* UIWebView+AFNetworking.m in Sources */,
				768264081906ED0900089319 /* AFNetworkReachabilityManager.m in Sources */,
				9F3747AA1900F168003D67C8 /* CalendarViewController.m in Sources */,
				9F3748411900F2E3003D67C8 /* MZFormSheetSegue.m in Sources */,
				9F3747C51900F213003D67C8 /* DataManager.m in Sources */,
				9F3748361900F2E3003D67C8 /* DSLCalendarRange.m in Sources */,
				768264281906EF5C00089319 /* TripManager.m in Sources */,
				9F37484A19010F19003D67C8 /* CalendarDayView.m in Sources */,
				768264131906ED0900089319 /* UIProgressView+AFNetworking.m in Sources */,
				9F37483E1900F2E3003D67C8 /* MZFormSheetBackgroundWindow.m in Sources */,
				9F3748421900F2E3003D67C8 /* MZTransition.m in Sources */,
				76C270C218B2A1E2003A49A3 /* AppDelegate.m in Sources */,
				768264051906ED0900089319 /* AFHTTPRequestOperation.m in Sources */,
				768264071906ED0900089319 /* AFHTTPSessionManager.m in Sources */,
				9F3748351900F2E3003D67C8 /* DSLCalendarMonthView.m in Sources */,
				9F3748401900F2E3003D67C8 /* MZFormSheetController.m in Sources */,
				768264141906ED0900089319 /* UIRefreshControl+AFNetworking.m in Sources */,
				9FC4184618FFABD7001CC750 /* NSDate+Extensions.m in Sources */,
				768263DE1906ECF400089319 /* HTEmailAutocompleteTextField.m in Sources */,
				9F3748371900F2E3003D67C8 /* DSLCalendarView.m in Sources */,
				9F37483B1900F2E3003D67C8 /* MZCustomTransition.m in Sources */,
				768263D31906EC5100089319 /* HTAutocompleteManager.m in Sources */,
				9F3747D01900F231003D67C8 /* CDTableViewController.m in Sources */,
				9F37483D1900F2E3003D67C8 /* NSInvocation+Copy.m in Sources */,
				768264091906ED0900089319 /* AFSecurityPolicy.m in Sources */,
				768264061906ED0900089319 /* AFHTTPRequestOperationManager.m in Sources */,
				7682640A1906ED0900089319 /* AFURLConnectionOperation.m in Sources */,
				76C270BE18B2A1E2003A49A3 /* main.m in Sources */,
				9F3747A91900F168003D67C8 /* BookingViewController.m in Sources */,
			);
			runOnlyForDeploymentPostprocessing = 0;
		};
		76C270CB18B2A1E2003A49A3 /* Sources */ = {
			isa = PBXSourcesBuildPhase;
			buildActionMask = 2147483647;
			files = (
				76C270DD18B2A1E2003A49A3 /* TravellerTests.m in Sources */,
			);
			runOnlyForDeploymentPostprocessing = 0;
		};
/* End PBXSourcesBuildPhase section */

/* Begin PBXTargetDependency section */
		76C270D518B2A1E2003A49A3 /* PBXTargetDependency */ = {
			isa = PBXTargetDependency;
			target = 76C270AD18B2A1E2003A49A3 /* Traveller */;
			targetProxy = 76C270D418B2A1E2003A49A3 /* PBXContainerItemProxy */;
		};
/* End PBXTargetDependency section */

/* Begin PBXVariantGroup section */
		76C270BA18B2A1E2003A49A3 /* InfoPlist.strings */ = {
			isa = PBXVariantGroup;
			children = (
				76C270BB18B2A1E2003A49A3 /* en */,
			);
			name = InfoPlist.strings;
			sourceTree = "<group>";
		};
		76C270C318B2A1E2003A49A3 /* Main.storyboard */ = {
			isa = PBXVariantGroup;
			children = (
				76C270C418B2A1E2003A49A3 /* Base */,
			);
			name = Main.storyboard;
			sourceTree = "<group>";
		};
		76C270D918B2A1E2003A49A3 /* InfoPlist.strings */ = {
			isa = PBXVariantGroup;
			children = (
				76C270DA18B2A1E2003A49A3 /* en */,
			);
			name = InfoPlist.strings;
			sourceTree = "<group>";
		};
/* End PBXVariantGroup section */

/* Begin XCBuildConfiguration section */
		76C270DE18B2A1E2003A49A3 /* Debug */ = {
			isa = XCBuildConfiguration;
			buildSettings = {
				ALWAYS_SEARCH_USER_PATHS = NO;
				CLANG_CXX_LANGUAGE_STANDARD = "gnu++0x";
				CLANG_CXX_LIBRARY = "libc++";
				CLANG_ENABLE_MODULES = YES;
				CLANG_ENABLE_OBJC_ARC = YES;
				CLANG_WARN_BOOL_CONVERSION = YES;
				CLANG_WARN_CONSTANT_CONVERSION = YES;
				CLANG_WARN_DIRECT_OBJC_ISA_USAGE = YES_ERROR;
				CLANG_WARN_EMPTY_BODY = YES;
				CLANG_WARN_ENUM_CONVERSION = YES;
				CLANG_WARN_INT_CONVERSION = YES;
				CLANG_WARN_OBJC_ROOT_CLASS = YES_ERROR;
				CLANG_WARN__DUPLICATE_METHOD_MATCH = YES;
				"CODE_SIGN_IDENTITY[sdk=iphoneos*]" = "iPhone Developer";
				COPY_PHASE_STRIP = NO;
				GCC_C_LANGUAGE_STANDARD = gnu99;
				GCC_DYNAMIC_NO_PIC = NO;
				GCC_OPTIMIZATION_LEVEL = 0;
				GCC_PREPROCESSOR_DEFINITIONS = (
					"DEBUG=1",
					"$(inherited)",
				);
				GCC_SYMBOLS_PRIVATE_EXTERN = NO;
				GCC_WARN_64_TO_32_BIT_CONVERSION = YES;
				GCC_WARN_ABOUT_RETURN_TYPE = YES_ERROR;
				GCC_WARN_UNDECLARED_SELECTOR = YES;
				GCC_WARN_UNINITIALIZED_AUTOS = YES;
				GCC_WARN_UNUSED_FUNCTION = YES;
				GCC_WARN_UNUSED_VARIABLE = YES;
				IPHONEOS_DEPLOYMENT_TARGET = 7.0;
				ONLY_ACTIVE_ARCH = YES;
				SDKROOT = iphoneos;
			};
			name = Debug;
		};
		76C270DF18B2A1E2003A49A3 /* Release */ = {
			isa = XCBuildConfiguration;
			buildSettings = {
				ALWAYS_SEARCH_USER_PATHS = NO;
				CLANG_CXX_LANGUAGE_STANDARD = "gnu++0x";
				CLANG_CXX_LIBRARY = "libc++";
				CLANG_ENABLE_MODULES = YES;
				CLANG_ENABLE_OBJC_ARC = YES;
				CLANG_WARN_BOOL_CONVERSION = YES;
				CLANG_WARN_CONSTANT_CONVERSION = YES;
				CLANG_WARN_DIRECT_OBJC_ISA_USAGE = YES_ERROR;
				CLANG_WARN_EMPTY_BODY = YES;
				CLANG_WARN_ENUM_CONVERSION = YES;
				CLANG_WARN_INT_CONVERSION = YES;
				CLANG_WARN_OBJC_ROOT_CLASS = YES_ERROR;
				CLANG_WARN__DUPLICATE_METHOD_MATCH = YES;
				"CODE_SIGN_IDENTITY[sdk=iphoneos*]" = "iPhone Developer";
				COPY_PHASE_STRIP = YES;
				ENABLE_NS_ASSERTIONS = NO;
				GCC_C_LANGUAGE_STANDARD = gnu99;
				GCC_WARN_64_TO_32_BIT_CONVERSION = YES;
				GCC_WARN_ABOUT_RETURN_TYPE = YES_ERROR;
				GCC_WARN_UNDECLARED_SELECTOR = YES;
				GCC_WARN_UNINITIALIZED_AUTOS = YES;
				GCC_WARN_UNUSED_FUNCTION = YES;
				GCC_WARN_UNUSED_VARIABLE = YES;
				IPHONEOS_DEPLOYMENT_TARGET = 7.0;
				SDKROOT = iphoneos;
				VALIDATE_PRODUCT = YES;
			};
			name = Release;
		};
		76C270E118B2A1E2003A49A3 /* Debug */ = {
			isa = XCBuildConfiguration;
			buildSettings = {
				ASSETCATALOG_COMPILER_APPICON_NAME = AppIcon;
				ASSETCATALOG_COMPILER_LAUNCHIMAGE_NAME = LaunchImage;
				GCC_PRECOMPILE_PREFIX_HEADER = YES;
				GCC_PREFIX_HEADER = "Traveller/Traveller-Prefix.pch";
				INFOPLIST_FILE = "Traveller/Traveller-Info.plist";
				IPHONEOS_DEPLOYMENT_TARGET = 6.1;
				PRODUCT_NAME = "$(TARGET_NAME)";
				WRAPPER_EXTENSION = app;
			};
			name = Debug;
		};
		76C270E218B2A1E2003A49A3 /* Release */ = {
			isa = XCBuildConfiguration;
			buildSettings = {
				ASSETCATALOG_COMPILER_APPICON_NAME = AppIcon;
				ASSETCATALOG_COMPILER_LAUNCHIMAGE_NAME = LaunchImage;
				GCC_PRECOMPILE_PREFIX_HEADER = YES;
				GCC_PREFIX_HEADER = "Traveller/Traveller-Prefix.pch";
				INFOPLIST_FILE = "Traveller/Traveller-Info.plist";
				IPHONEOS_DEPLOYMENT_TARGET = 6.1;
				PRODUCT_NAME = "$(TARGET_NAME)";
				WRAPPER_EXTENSION = app;
			};
			name = Release;
		};
		76C270E418B2A1E2003A49A3 /* Debug */ = {
			isa = XCBuildConfiguration;
			buildSettings = {
				BUNDLE_LOADER = "$(BUILT_PRODUCTS_DIR)/Traveller.app/Traveller";
				FRAMEWORK_SEARCH_PATHS = (
					"$(SDKROOT)/Developer/Library/Frameworks",
					"$(inherited)",
					"$(DEVELOPER_FRAMEWORKS_DIR)",
				);
				GCC_PRECOMPILE_PREFIX_HEADER = YES;
				GCC_PREFIX_HEADER = "Traveller/Traveller-Prefix.pch";
				GCC_PREPROCESSOR_DEFINITIONS = (
					"DEBUG=1",
					"$(inherited)",
				);
				INFOPLIST_FILE = "TravellerTests/TravellerTests-Info.plist";
				PRODUCT_NAME = "$(TARGET_NAME)";
				TEST_HOST = "$(BUNDLE_LOADER)";
				WRAPPER_EXTENSION = xctest;
			};
			name = Debug;
		};
		76C270E518B2A1E2003A49A3 /* Release */ = {
			isa = XCBuildConfiguration;
			buildSettings = {
				BUNDLE_LOADER = "$(BUILT_PRODUCTS_DIR)/Traveller.app/Traveller";
				FRAMEWORK_SEARCH_PATHS = (
					"$(SDKROOT)/Developer/Library/Frameworks",
					"$(inherited)",
					"$(DEVELOPER_FRAMEWORKS_DIR)",
				);
				GCC_PRECOMPILE_PREFIX_HEADER = YES;
				GCC_PREFIX_HEADER = "Traveller/Traveller-Prefix.pch";
				INFOPLIST_FILE = "TravellerTests/TravellerTests-Info.plist";
				PRODUCT_NAME = "$(TARGET_NAME)";
				TEST_HOST = "$(BUNDLE_LOADER)";
				WRAPPER_EXTENSION = xctest;
			};
			name = Release;
		};
/* End XCBuildConfiguration section */

/* Begin XCConfigurationList section */
		76C270A918B2A1E2003A49A3 /* Build configuration list for PBXProject "Traveller" */ = {
			isa = XCConfigurationList;
			buildConfigurations = (
				76C270DE18B2A1E2003A49A3 /* Debug */,
				76C270DF18B2A1E2003A49A3 /* Release */,
			);
			defaultConfigurationIsVisible = 0;
			defaultConfigurationName = Release;
		};
		76C270E018B2A1E2003A49A3 /* Build configuration list for PBXNativeTarget "Traveller" */ = {
			isa = XCConfigurationList;
			buildConfigurations = (
				76C270E118B2A1E2003A49A3 /* Debug */,
				76C270E218B2A1E2003A49A3 /* Release */,
			);
			defaultConfigurationIsVisible = 0;
			defaultConfigurationName = Release;
		};
		76C270E318B2A1E2003A49A3 /* Build configuration list for PBXNativeTarget "TravellerTests" */ = {
			isa = XCConfigurationList;
			buildConfigurations = (
				76C270E418B2A1E2003A49A3 /* Debug */,
				76C270E518B2A1E2003A49A3 /* Release */,
			);
			defaultConfigurationIsVisible = 0;
			defaultConfigurationName = Release;
		};
/* End XCConfigurationList section */

/* Begin XCVersionGroup section */
		9F3747BA1900F213003D67C8 /* TripDataStorage.xcdatamodeld */ = {
			isa = XCVersionGroup;
			children = (
				9F3747BB1900F213003D67C8 /* TripDataStorage.xcdatamodel */,
			);
			currentVersion = 9F3747BB1900F213003D67C8 /* TripDataStorage.xcdatamodel */;
			path = TripDataStorage.xcdatamodeld;
			sourceTree = "<group>";
			versionGroupType = wrapper.xcdatamodel;
		};
/* End XCVersionGroup section */
	};
	rootObject = 76C270A618B2A1E2003A49A3 /* Project object */;
}
