// !$*UTF8*$!
{
	archiveVersion = 1;
	classes = {
	};
	objectVersion = 46;
	objects = {

/* Begin PBXBuildFile section */
		7644726918E49D8600319348 /* CFNetwork.framework in Frameworks */ = {isa = PBXBuildFile; fileRef = 7644726818E49D8600319348 /* CFNetwork.framework */; };
		7644726B18E49DCA00319348 /* SystemConfiguration.framework in Frameworks */ = {isa = PBXBuildFile; fileRef = 7644726A18E49DCA00319348 /* SystemConfiguration.framework */; };
		7644726D18E49DD200319348 /* MobileCoreServices.framework in Frameworks */ = {isa = PBXBuildFile; fileRef = 7644726C18E49DD200319348 /* MobileCoreServices.framework */; };
		7644726F18E49DDF00319348 /* libz.dylib in Frameworks */ = {isa = PBXBuildFile; fileRef = 7644726E18E49DDF00319348 /* libz.dylib */; };
		9F14E64C18E667BB0004BD9F /* TripViewController.m in Sources */ = {isa = PBXBuildFile; fileRef = 9F14E64A18E667BB0004BD9F /* TripViewController.m */; };
		9F14E64D18E667BB0004BD9F /* TripViewController.xib in Resources */ = {isa = PBXBuildFile; fileRef = 9F14E64B18E667BB0004BD9F /* TripViewController.xib */; };
		9F14E65218E669170004BD9F /* AddTripViewController.m in Sources */ = {isa = PBXBuildFile; fileRef = 9F14E65018E669170004BD9F /* AddTripViewController.m */; };
		9F14E65318E669170004BD9F /* AddTripViewController.xib in Resources */ = {isa = PBXBuildFile; fileRef = 9F14E65118E669170004BD9F /* AddTripViewController.xib */; };
		9F14E65918E68C9E0004BD9F /* Event.m in Sources */ = {isa = PBXBuildFile; fileRef = 9F14E65818E68C9E0004BD9F /* Event.m */; };
		9F1C6E2718E7B1B700E7CD41 /* AddTripTableViewCell.m in Sources */ = {isa = PBXBuildFile; fileRef = 9F1C6E2618E7B1B700E7CD41 /* AddTripTableViewCell.m */; };
		9F1C6E2A18E7B73000E7CD41 /* Trip.m in Sources */ = {isa = PBXBuildFile; fileRef = 9F1C6E2918E7B73000E7CD41 /* Trip.m */; };
		9F4F9AD218E427D900C55A5D /* EventViewController.m in Sources */ = {isa = PBXBuildFile; fileRef = 9F4F9AD018E427D900C55A5D /* EventViewController.m */; };
		9F4F9AD318E427D900C55A5D /* EventViewController.xib in Resources */ = {isa = PBXBuildFile; fileRef = 9F4F9AD118E427D900C55A5D /* EventViewController.xib */; };
		9F4F9ADE18E42CAB00C55A5D /* ChooseCityViewController.m in Sources */ = {isa = PBXBuildFile; fileRef = 9F4F9ADC18E42CAB00C55A5D /* ChooseCityViewController.m */; };
		9F4F9ADF18E42CAB00C55A5D /* ChooseCityViewController.xib in Resources */ = {isa = PBXBuildFile; fileRef = 9F4F9ADD18E42CAB00C55A5D /* ChooseCityViewController.xib */; };
		9F4F9AE218E42E0600C55A5D /* EventKit.framework in Frameworks */ = {isa = PBXBuildFile; fileRef = 9F4F9AE018E42E0600C55A5D /* EventKit.framework */; };
		9F4F9AE418E42ED500C55A5D /* EventKitUI.framework in Frameworks */ = {isa = PBXBuildFile; fileRef = 9F4F9AE118E42E0600C55A5D /* EventKitUI.framework */; };
		9F4F9AE718E43EC800C55A5D /* NSDate+Extensions.m in Sources */ = {isa = PBXBuildFile; fileRef = 9F4F9AE618E43EC800C55A5D /* NSDate+Extensions.m */; };
		9F4F9AF118E44AF800C55A5D /* EventDetailViewController.m in Sources */ = {isa = PBXBuildFile; fileRef = 9F4F9AEF18E44AF800C55A5D /* EventDetailViewController.m */; };
		9F4F9AF218E44AF800C55A5D /* EventDetailViewController.xib in Resources */ = {isa = PBXBuildFile; fileRef = 9F4F9AF018E44AF800C55A5D /* EventDetailViewController.xib */; };
		9F9F338B18E108010077C85A /* Foundation.framework in Frameworks */ = {isa = PBXBuildFile; fileRef = 9F9F338A18E108010077C85A /* Foundation.framework */; };
		9F9F338D18E108010077C85A /* CoreGraphics.framework in Frameworks */ = {isa = PBXBuildFile; fileRef = 9F9F338C18E108010077C85A /* CoreGraphics.framework */; };
		9F9F338F18E108010077C85A /* UIKit.framework in Frameworks */ = {isa = PBXBuildFile; fileRef = 9F9F338E18E108010077C85A /* UIKit.framework */; };
		9F9F339518E108010077C85A /* InfoPlist.strings in Resources */ = {isa = PBXBuildFile; fileRef = 9F9F339318E108010077C85A /* InfoPlist.strings */; };
		9F9F339718E108010077C85A /* main.m in Sources */ = {isa = PBXBuildFile; fileRef = 9F9F339618E108010077C85A /* main.m */; };
		9F9F339B18E108010077C85A /* AppDelegate.m in Sources */ = {isa = PBXBuildFile; fileRef = 9F9F339A18E108010077C85A /* AppDelegate.m */; };
		9F9F339E18E108010077C85A /* Main.storyboard in Resources */ = {isa = PBXBuildFile; fileRef = 9F9F339C18E108010077C85A /* Main.storyboard */; };
		9F9F33A118E108010077C85A /* RootViewController.m in Sources */ = {isa = PBXBuildFile; fileRef = 9F9F33A018E108010077C85A /* RootViewController.m */; };
		9F9F33A318E108010077C85A /* Images.xcassets in Resources */ = {isa = PBXBuildFile; fileRef = 9F9F33A218E108010077C85A /* Images.xcassets */; };
		9F9F33AA18E108010077C85A /* XCTest.framework in Frameworks */ = {isa = PBXBuildFile; fileRef = 9F9F33A918E108010077C85A /* XCTest.framework */; };
		9F9F33AB18E108010077C85A /* Foundation.framework in Frameworks */ = {isa = PBXBuildFile; fileRef = 9F9F338A18E108010077C85A /* Foundation.framework */; };
		9F9F33AC18E108010077C85A /* UIKit.framework in Frameworks */ = {isa = PBXBuildFile; fileRef = 9F9F338E18E108010077C85A /* UIKit.framework */; };
		9F9F33B418E108010077C85A /* InfoPlist.strings in Resources */ = {isa = PBXBuildFile; fileRef = 9F9F33B218E108010077C85A /* InfoPlist.strings */; };
		9F9F33B618E108010077C85A /* SpoonbillTests.m in Sources */ = {isa = PBXBuildFile; fileRef = 9F9F33B518E108010077C85A /* SpoonbillTests.m */; };
		9F9F33C318E112590077C85A /* CoreData.framework in Frameworks */ = {isa = PBXBuildFile; fileRef = 9F9F33C218E112580077C85A /* CoreData.framework */; };
		9F9F33C718E112A60077C85A /* TripManager.m in Sources */ = {isa = PBXBuildFile; fileRef = 9F9F33C618E112A60077C85A /* TripManager.m */; };
		9F9F33CA18E1148E0077C85A /* TripDataStorage.xcdatamodeld in Sources */ = {isa = PBXBuildFile; fileRef = 9F9F33C818E1148E0077C85A /* TripDataStorage.xcdatamodeld */; };
		9F9F33CC18E138A20077C85A /* CoreLocation.framework in Frameworks */ = {isa = PBXBuildFile; fileRef = 9F9F33CB18E138A20077C85A /* CoreLocation.framework */; };
		9F9F33D018E13BB30077C85A /* LocationManager.m in Sources */ = {isa = PBXBuildFile; fileRef = 9F9F33CF18E13BB30077C85A /* LocationManager.m */; };
		9F9F33D818E14FA20077C85A /* CityViewController.m in Sources */ = {isa = PBXBuildFile; fileRef = 9F9F33D618E14FA20077C85A /* CityViewController.m */; };
		9F9F33D918E14FA20077C85A /* CityViewController.xib in Resources */ = {isa = PBXBuildFile; fileRef = 9F9F33D718E14FA20077C85A /* CityViewController.xib */; };
		9F9F33E518E1619E0077C85A /* NSObject+Extensions.m in Sources */ = {isa = PBXBuildFile; fileRef = 9F9F33E418E1619E0077C85A /* NSObject+Extensions.m */; };
		9F9F33EF18E16E1C0077C85A /* AddCityTableViewCell.m in Sources */ = {isa = PBXBuildFile; fileRef = 9F9F33EB18E16E1C0077C85A /* AddCityTableViewCell.m */; };
		9F9F33F018E16E1C0077C85A /* AddCityViewController.m in Sources */ = {isa = PBXBuildFile; fileRef = 9F9F33ED18E16E1C0077C85A /* AddCityViewController.m */; };
		9F9F33F118E16E1C0077C85A /* AddCityViewController.xib in Resources */ = {isa = PBXBuildFile; fileRef = 9F9F33EE18E16E1C0077C85A /* AddCityViewController.xib */; };
		9F9F33F618E16E960077C85A /* CDTableViewController.m in Sources */ = {isa = PBXBuildFile; fileRef = 9F9F33F418E16E960077C85A /* CDTableViewController.m */; };
		9F9F33F718E16E960077C85A /* CDTableViewController.xib in Resources */ = {isa = PBXBuildFile; fileRef = 9F9F33F518E16E960077C85A /* CDTableViewController.xib */; };
		9FC0556D18E274C300743E16 /* SBViewController.m in Sources */ = {isa = PBXBuildFile; fileRef = 9FC0556B18E274C300743E16 /* SBViewController.m */; };
		9FC0556E18E274C300743E16 /* SBViewController.xib in Resources */ = {isa = PBXBuildFile; fileRef = 9FC0556C18E274C300743E16 /* SBViewController.xib */; };
		9FC0557218E2AA6500743E16 /* MockManager.m in Sources */ = {isa = PBXBuildFile; fileRef = 9FC0557118E2AA6500743E16 /* MockManager.m */; };
		9FC0558818E2B31600743E16 /* AFHTTPRequestOperation.m in Sources */ = {isa = PBXBuildFile; fileRef = 9FC0557618E2B31600743E16 /* AFHTTPRequestOperation.m */; };
		9FC0558918E2B31600743E16 /* AFHTTPRequestOperationManager.m in Sources */ = {isa = PBXBuildFile; fileRef = 9FC0557818E2B31600743E16 /* AFHTTPRequestOperationManager.m */; };
		9FC0558A18E2B31600743E16 /* AFHTTPSessionManager.m in Sources */ = {isa = PBXBuildFile; fileRef = 9FC0557A18E2B31600743E16 /* AFHTTPSessionManager.m */; };
		9FC0558B18E2B31600743E16 /* AFNetworkReachabilityManager.m in Sources */ = {isa = PBXBuildFile; fileRef = 9FC0557D18E2B31600743E16 /* AFNetworkReachabilityManager.m */; };
		9FC0558C18E2B31600743E16 /* AFSecurityPolicy.m in Sources */ = {isa = PBXBuildFile; fileRef = 9FC0557F18E2B31600743E16 /* AFSecurityPolicy.m */; };
		9FC0558D18E2B31600743E16 /* AFURLConnectionOperation.m in Sources */ = {isa = PBXBuildFile; fileRef = 9FC0558118E2B31600743E16 /* AFURLConnectionOperation.m */; };
		9FC0558E18E2B31600743E16 /* AFURLRequestSerialization.m in Sources */ = {isa = PBXBuildFile; fileRef = 9FC0558318E2B31600743E16 /* AFURLRequestSerialization.m */; };
		9FC0558F18E2B31600743E16 /* AFURLResponseSerialization.m in Sources */ = {isa = PBXBuildFile; fileRef = 9FC0558518E2B31600743E16 /* AFURLResponseSerialization.m */; };
		9FC0559018E2B31600743E16 /* AFURLSessionManager.m in Sources */ = {isa = PBXBuildFile; fileRef = 9FC0558718E2B31600743E16 /* AFURLSessionManager.m */; };
		9FC055A318E2B46300743E16 /* AFNetworkActivityIndicatorManager.m in Sources */ = {isa = PBXBuildFile; fileRef = 9FC0559318E2B46300743E16 /* AFNetworkActivityIndicatorManager.m */; };
		9FC055A418E2B46300743E16 /* UIActivityIndicatorView+AFNetworking.m in Sources */ = {isa = PBXBuildFile; fileRef = 9FC0559518E2B46300743E16 /* UIActivityIndicatorView+AFNetworking.m */; };
		9FC055A518E2B46300743E16 /* UIAlertView+AFNetworking.m in Sources */ = {isa = PBXBuildFile; fileRef = 9FC0559718E2B46300743E16 /* UIAlertView+AFNetworking.m */; };
		9FC055A618E2B46300743E16 /* UIButton+AFNetworking.m in Sources */ = {isa = PBXBuildFile; fileRef = 9FC0559918E2B46300743E16 /* UIButton+AFNetworking.m */; };
		9FC055A718E2B46300743E16 /* UIImageView+AFNetworking.m in Sources */ = {isa = PBXBuildFile; fileRef = 9FC0559B18E2B46300743E16 /* UIImageView+AFNetworking.m */; };
		9FC055A818E2B46300743E16 /* UIProgressView+AFNetworking.m in Sources */ = {isa = PBXBuildFile; fileRef = 9FC0559E18E2B46300743E16 /* UIProgressView+AFNetworking.m */; };
		9FC055A918E2B46300743E16 /* UIRefreshControl+AFNetworking.m in Sources */ = {isa = PBXBuildFile; fileRef = 9FC055A018E2B46300743E16 /* UIRefreshControl+AFNetworking.m */; };
		9FC055AA18E2B46300743E16 /* UIWebView+AFNetworking.m in Sources */ = {isa = PBXBuildFile; fileRef = 9FC055A218E2B46300743E16 /* UIWebView+AFNetworking.m */; };
		9FC055AF18E2B66A00743E16 /* CityMapViewController.m in Sources */ = {isa = PBXBuildFile; fileRef = 9FC055AD18E2B66A00743E16 /* CityMapViewController.m */; };
		9FC055B018E2B66A00743E16 /* CityMapViewController.xib in Resources */ = {isa = PBXBuildFile; fileRef = 9FC055AE18E2B66A00743E16 /* CityMapViewController.xib */; };
		9FC055B218E2B6D300743E16 /* MapKit.framework in Frameworks */ = {isa = PBXBuildFile; fileRef = 9FC055B118E2B6D300743E16 /* MapKit.framework */; };
		9FC055B718E2BF7700743E16 /* MKTableViewController.m in Sources */ = {isa = PBXBuildFile; fileRef = 9FC055B518E2BF7700743E16 /* MKTableViewController.m */; };
		9FC055B818E2BF7700743E16 /* MKTableViewController.xib in Resources */ = {isa = PBXBuildFile; fileRef = 9FC055B618E2BF7700743E16 /* MKTableViewController.xib */; };
		9FFE21AC18E260DB00AF78AF /* Icon-40@2x.png in Resources */ = {isa = PBXBuildFile; fileRef = 9FFE21A618E260DB00AF78AF /* Icon-40@2x.png */; };
		9FFE21AD18E260DB00AF78AF /* Icon-60@2x.png in Resources */ = {isa = PBXBuildFile; fileRef = 9FFE21A718E260DB00AF78AF /* Icon-60@2x.png */; };
		9FFE21B118E260DB00AF78AF /* Icon@2x.png in Resources */ = {isa = PBXBuildFile; fileRef = 9FFE21AB18E260DB00AF78AF /* Icon@2x.png */; };
		9FFE21B418E261E000AF78AF /* City.m in Sources */ = {isa = PBXBuildFile; fileRef = 9FFE21B318E261E000AF78AF /* City.m */; };
/* End PBXBuildFile section */

/* Begin PBXContainerItemProxy section */
		9F9F33AD18E108010077C85A /* PBXContainerItemProxy */ = {
			isa = PBXContainerItemProxy;
			containerPortal = 9F9F337F18E108010077C85A /* Project object */;
			proxyType = 1;
			remoteGlobalIDString = 9F9F338618E108010077C85A;
			remoteInfo = Spoonbill;
		};
/* End PBXContainerItemProxy section */

/* Begin PBXFileReference section */
		7644726818E49D8600319348 /* CFNetwork.framework */ = {isa = PBXFileReference; lastKnownFileType = wrapper.framework; name = CFNetwork.framework; path = System/Library/Frameworks/CFNetwork.framework; sourceTree = SDKROOT; };
		7644726A18E49DCA00319348 /* SystemConfiguration.framework */ = {isa = PBXFileReference; lastKnownFileType = wrapper.framework; name = SystemConfiguration.framework; path = System/Library/Frameworks/SystemConfiguration.framework; sourceTree = SDKROOT; };
		7644726C18E49DD200319348 /* MobileCoreServices.framework */ = {isa = PBXFileReference; lastKnownFileType = wrapper.framework; name = MobileCoreServices.framework; path = System/Library/Frameworks/MobileCoreServices.framework; sourceTree = SDKROOT; };
		7644726E18E49DDF00319348 /* libz.dylib */ = {isa = PBXFileReference; lastKnownFileType = "compiled.mach-o.dylib"; name = libz.dylib; path = usr/lib/libz.dylib; sourceTree = SDKROOT; };
		9F14E64918E667BB0004BD9F /* TripViewController.h */ = {isa = PBXFileReference; fileEncoding = 4; lastKnownFileType = sourcecode.c.h; path = TripViewController.h; sourceTree = "<group>"; };
		9F14E64A18E667BB0004BD9F /* TripViewController.m */ = {isa = PBXFileReference; fileEncoding = 4; lastKnownFileType = sourcecode.c.objc; path = TripViewController.m; sourceTree = "<group>"; };
		9F14E64B18E667BB0004BD9F /* TripViewController.xib */ = {isa = PBXFileReference; fileEncoding = 4; lastKnownFileType = file.xib; path = TripViewController.xib; sourceTree = "<group>"; };
		9F14E64F18E669170004BD9F /* AddTripViewController.h */ = {isa = PBXFileReference; fileEncoding = 4; lastKnownFileType = sourcecode.c.h; path = AddTripViewController.h; sourceTree = "<group>"; };
		9F14E65018E669170004BD9F /* AddTripViewController.m */ = {isa = PBXFileReference; fileEncoding = 4; lastKnownFileType = sourcecode.c.objc; path = AddTripViewController.m; sourceTree = "<group>"; };
		9F14E65118E669170004BD9F /* AddTripViewController.xib */ = {isa = PBXFileReference; fileEncoding = 4; lastKnownFileType = file.xib; path = AddTripViewController.xib; sourceTree = "<group>"; };
		9F14E65718E68C9E0004BD9F /* Event.h */ = {isa = PBXFileReference; fileEncoding = 4; lastKnownFileType = sourcecode.c.h; path = Event.h; sourceTree = "<group>"; };
		9F14E65818E68C9E0004BD9F /* Event.m */ = {isa = PBXFileReference; fileEncoding = 4; lastKnownFileType = sourcecode.c.objc; path = Event.m; sourceTree = "<group>"; };
		9F1C6E2518E7B1B700E7CD41 /* AddTripTableViewCell.h */ = {isa = PBXFileReference; fileEncoding = 4; lastKnownFileType = sourcecode.c.h; path = AddTripTableViewCell.h; sourceTree = "<group>"; };
		9F1C6E2618E7B1B700E7CD41 /* AddTripTableViewCell.m */ = {isa = PBXFileReference; fileEncoding = 4; lastKnownFileType = sourcecode.c.objc; path = AddTripTableViewCell.m; sourceTree = "<group>"; };
		9F1C6E2818E7B73000E7CD41 /* Trip.h */ = {isa = PBXFileReference; fileEncoding = 4; lastKnownFileType = sourcecode.c.h; path = Trip.h; sourceTree = "<group>"; };
		9F1C6E2918E7B73000E7CD41 /* Trip.m */ = {isa = PBXFileReference; fileEncoding = 4; lastKnownFileType = sourcecode.c.objc; path = Trip.m; sourceTree = "<group>"; };
		9F4F9ACF18E427D900C55A5D /* EventViewController.h */ = {isa = PBXFileReference; fileEncoding = 4; lastKnownFileType = sourcecode.c.h; path = EventViewController.h; sourceTree = "<group>"; };
		9F4F9AD018E427D900C55A5D /* EventViewController.m */ = {isa = PBXFileReference; fileEncoding = 4; lastKnownFileType = sourcecode.c.objc; path = EventViewController.m; sourceTree = "<group>"; };
		9F4F9AD118E427D900C55A5D /* EventViewController.xib */ = {isa = PBXFileReference; fileEncoding = 4; lastKnownFileType = file.xib; path = EventViewController.xib; sourceTree = "<group>"; };
		9F4F9ADB18E42CAB00C55A5D /* ChooseCityViewController.h */ = {isa = PBXFileReference; fileEncoding = 4; lastKnownFileType = sourcecode.c.h; path = ChooseCityViewController.h; sourceTree = "<group>"; };
		9F4F9ADC18E42CAB00C55A5D /* ChooseCityViewController.m */ = {isa = PBXFileReference; fileEncoding = 4; lastKnownFileType = sourcecode.c.objc; path = ChooseCityViewController.m; sourceTree = "<group>"; };
		9F4F9ADD18E42CAB00C55A5D /* ChooseCityViewController.xib */ = {isa = PBXFileReference; fileEncoding = 4; lastKnownFileType = file.xib; path = ChooseCityViewController.xib; sourceTree = "<group>"; };
		9F4F9AE018E42E0600C55A5D /* EventKit.framework */ = {isa = PBXFileReference; lastKnownFileType = wrapper.framework; name = EventKit.framework; path = System/Library/Frameworks/EventKit.framework; sourceTree = SDKROOT; };
		9F4F9AE118E42E0600C55A5D /* EventKitUI.framework */ = {isa = PBXFileReference; lastKnownFileType = wrapper.framework; name = EventKitUI.framework; path = System/Library/Frameworks/EventKitUI.framework; sourceTree = SDKROOT; };
		9F4F9AE518E43EC800C55A5D /* NSDate+Extensions.h */ = {isa = PBXFileReference; fileEncoding = 4; lastKnownFileType = sourcecode.c.h; path = "NSDate+Extensions.h"; sourceTree = "<group>"; };
		9F4F9AE618E43EC800C55A5D /* NSDate+Extensions.m */ = {isa = PBXFileReference; fileEncoding = 4; lastKnownFileType = sourcecode.c.objc; path = "NSDate+Extensions.m"; sourceTree = "<group>"; };
		9F4F9AEE18E44AF800C55A5D /* EventDetailViewController.h */ = {isa = PBXFileReference; fileEncoding = 4; lastKnownFileType = sourcecode.c.h; path = EventDetailViewController.h; sourceTree = "<group>"; };
		9F4F9AEF18E44AF800C55A5D /* EventDetailViewController.m */ = {isa = PBXFileReference; fileEncoding = 4; lastKnownFileType = sourcecode.c.objc; path = EventDetailViewController.m; sourceTree = "<group>"; };
		9F4F9AF018E44AF800C55A5D /* EventDetailViewController.xib */ = {isa = PBXFileReference; fileEncoding = 4; lastKnownFileType = file.xib; path = EventDetailViewController.xib; sourceTree = "<group>"; };
		9F9F338718E108010077C85A /* Spoonbill.app */ = {isa = PBXFileReference; explicitFileType = wrapper.application; includeInIndex = 0; path = Spoonbill.app; sourceTree = BUILT_PRODUCTS_DIR; };
		9F9F338A18E108010077C85A /* Foundation.framework */ = {isa = PBXFileReference; lastKnownFileType = wrapper.framework; name = Foundation.framework; path = System/Library/Frameworks/Foundation.framework; sourceTree = SDKROOT; };
		9F9F338C18E108010077C85A /* CoreGraphics.framework */ = {isa = PBXFileReference; lastKnownFileType = wrapper.framework; name = CoreGraphics.framework; path = System/Library/Frameworks/CoreGraphics.framework; sourceTree = SDKROOT; };
		9F9F338E18E108010077C85A /* UIKit.framework */ = {isa = PBXFileReference; lastKnownFileType = wrapper.framework; name = UIKit.framework; path = System/Library/Frameworks/UIKit.framework; sourceTree = SDKROOT; };
		9F9F339218E108010077C85A /* Spoonbill-Info.plist */ = {isa = PBXFileReference; lastKnownFileType = text.plist.xml; path = "Spoonbill-Info.plist"; sourceTree = "<group>"; };
		9F9F339418E108010077C85A /* en */ = {isa = PBXFileReference; lastKnownFileType = text.plist.strings; name = en; path = en.lproj/InfoPlist.strings; sourceTree = "<group>"; };
		9F9F339618E108010077C85A /* main.m */ = {isa = PBXFileReference; lastKnownFileType = sourcecode.c.objc; path = main.m; sourceTree = "<group>"; };
		9F9F339818E108010077C85A /* Spoonbill-Prefix.pch */ = {isa = PBXFileReference; lastKnownFileType = sourcecode.c.h; path = "Spoonbill-Prefix.pch"; sourceTree = "<group>"; };
		9F9F339918E108010077C85A /* AppDelegate.h */ = {isa = PBXFileReference; lastKnownFileType = sourcecode.c.h; path = AppDelegate.h; sourceTree = "<group>"; };
		9F9F339A18E108010077C85A /* AppDelegate.m */ = {isa = PBXFileReference; lastKnownFileType = sourcecode.c.objc; path = AppDelegate.m; sourceTree = "<group>"; };
		9F9F339D18E108010077C85A /* Base */ = {isa = PBXFileReference; lastKnownFileType = file.storyboard; name = Base; path = Base.lproj/Main.storyboard; sourceTree = "<group>"; };
		9F9F339F18E108010077C85A /* RootViewController.h */ = {isa = PBXFileReference; lastKnownFileType = sourcecode.c.h; path = RootViewController.h; sourceTree = "<group>"; };
		9F9F33A018E108010077C85A /* RootViewController.m */ = {isa = PBXFileReference; lastKnownFileType = sourcecode.c.objc; path = RootViewController.m; sourceTree = "<group>"; };
		9F9F33A218E108010077C85A /* Images.xcassets */ = {isa = PBXFileReference; lastKnownFileType = folder.assetcatalog; path = Images.xcassets; sourceTree = "<group>"; };
		9F9F33A818E108010077C85A /* SpoonbillTests.xctest */ = {isa = PBXFileReference; explicitFileType = wrapper.cfbundle; includeInIndex = 0; path = SpoonbillTests.xctest; sourceTree = BUILT_PRODUCTS_DIR; };
		9F9F33A918E108010077C85A /* XCTest.framework */ = {isa = PBXFileReference; lastKnownFileType = wrapper.framework; name = XCTest.framework; path = Library/Frameworks/XCTest.framework; sourceTree = DEVELOPER_DIR; };
		9F9F33B118E108010077C85A /* SpoonbillTests-Info.plist */ = {isa = PBXFileReference; lastKnownFileType = text.plist.xml; path = "SpoonbillTests-Info.plist"; sourceTree = "<group>"; };
		9F9F33B318E108010077C85A /* en */ = {isa = PBXFileReference; lastKnownFileType = text.plist.strings; name = en; path = en.lproj/InfoPlist.strings; sourceTree = "<group>"; };
		9F9F33B518E108010077C85A /* SpoonbillTests.m */ = {isa = PBXFileReference; lastKnownFileType = sourcecode.c.objc; path = SpoonbillTests.m; sourceTree = "<group>"; };
		9F9F33C218E112580077C85A /* CoreData.framework */ = {isa = PBXFileReference; lastKnownFileType = wrapper.framework; name = CoreData.framework; path = System/Library/Frameworks/CoreData.framework; sourceTree = SDKROOT; };
		9F9F33C518E112A60077C85A /* TripManager.h */ = {isa = PBXFileReference; fileEncoding = 4; lastKnownFileType = sourcecode.c.h; path = TripManager.h; sourceTree = "<group>"; };
		9F9F33C618E112A60077C85A /* TripManager.m */ = {isa = PBXFileReference; fileEncoding = 4; lastKnownFileType = sourcecode.c.objc; path = TripManager.m; sourceTree = "<group>"; };
		9F9F33C918E1148E0077C85A /* TripDataStorage.xcdatamodel */ = {isa = PBXFileReference; lastKnownFileType = wrapper.xcdatamodel; path = TripDataStorage.xcdatamodel; sourceTree = "<group>"; };
		9F9F33CB18E138A20077C85A /* CoreLocation.framework */ = {isa = PBXFileReference; lastKnownFileType = wrapper.framework; name = CoreLocation.framework; path = System/Library/Frameworks/CoreLocation.framework; sourceTree = SDKROOT; };
		9F9F33CE18E13BB30077C85A /* LocationManager.h */ = {isa = PBXFileReference; fileEncoding = 4; lastKnownFileType = sourcecode.c.h; path = LocationManager.h; sourceTree = "<group>"; };
		9F9F33CF18E13BB30077C85A /* LocationManager.m */ = {isa = PBXFileReference; fileEncoding = 4; lastKnownFileType = sourcecode.c.objc; path = LocationManager.m; sourceTree = "<group>"; };
		9F9F33D518E14FA20077C85A /* CityViewController.h */ = {isa = PBXFileReference; fileEncoding = 4; lastKnownFileType = sourcecode.c.h; path = CityViewController.h; sourceTree = "<group>"; };
		9F9F33D618E14FA20077C85A /* CityViewController.m */ = {isa = PBXFileReference; fileEncoding = 4; lastKnownFileType = sourcecode.c.objc; path = CityViewController.m; sourceTree = "<group>"; };
		9F9F33D718E14FA20077C85A /* CityViewController.xib */ = {isa = PBXFileReference; fileEncoding = 4; lastKnownFileType = file.xib; path = CityViewController.xib; sourceTree = "<group>"; };
		9F9F33E318E1619E0077C85A /* NSObject+Extensions.h */ = {isa = PBXFileReference; fileEncoding = 4; lastKnownFileType = sourcecode.c.h; path = "NSObject+Extensions.h"; sourceTree = "<group>"; };
		9F9F33E418E1619E0077C85A /* NSObject+Extensions.m */ = {isa = PBXFileReference; fileEncoding = 4; lastKnownFileType = sourcecode.c.objc; path = "NSObject+Extensions.m"; sourceTree = "<group>"; };
		9F9F33EA18E16E1C0077C85A /* AddCityTableViewCell.h */ = {isa = PBXFileReference; fileEncoding = 4; lastKnownFileType = sourcecode.c.h; path = AddCityTableViewCell.h; sourceTree = "<group>"; };
		9F9F33EB18E16E1C0077C85A /* AddCityTableViewCell.m */ = {isa = PBXFileReference; fileEncoding = 4; lastKnownFileType = sourcecode.c.objc; path = AddCityTableViewCell.m; sourceTree = "<group>"; };
		9F9F33EC18E16E1C0077C85A /* AddCityViewController.h */ = {isa = PBXFileReference; fileEncoding = 4; lastKnownFileType = sourcecode.c.h; path = AddCityViewController.h; sourceTree = "<group>"; };
		9F9F33ED18E16E1C0077C85A /* AddCityViewController.m */ = {isa = PBXFileReference; fileEncoding = 4; lastKnownFileType = sourcecode.c.objc; path = AddCityViewController.m; sourceTree = "<group>"; };
		9F9F33EE18E16E1C0077C85A /* AddCityViewController.xib */ = {isa = PBXFileReference; fileEncoding = 4; lastKnownFileType = file.xib; path = AddCityViewController.xib; sourceTree = "<group>"; };
		9F9F33F318E16E960077C85A /* CDTableViewController.h */ = {isa = PBXFileReference; fileEncoding = 4; lastKnownFileType = sourcecode.c.h; path = CDTableViewController.h; sourceTree = "<group>"; };
		9F9F33F418E16E960077C85A /* CDTableViewController.m */ = {isa = PBXFileReference; fileEncoding = 4; lastKnownFileType = sourcecode.c.objc; path = CDTableViewController.m; sourceTree = "<group>"; };
		9F9F33F518E16E960077C85A /* CDTableViewController.xib */ = {isa = PBXFileReference; fileEncoding = 4; lastKnownFileType = file.xib; path = CDTableViewController.xib; sourceTree = "<group>"; };
		9FC0556A18E274C300743E16 /* SBViewController.h */ = {isa = PBXFileReference; fileEncoding = 4; lastKnownFileType = sourcecode.c.h; path = SBViewController.h; sourceTree = "<group>"; };
		9FC0556B18E274C300743E16 /* SBViewController.m */ = {isa = PBXFileReference; fileEncoding = 4; lastKnownFileType = sourcecode.c.objc; path = SBViewController.m; sourceTree = "<group>"; };
		9FC0556C18E274C300743E16 /* SBViewController.xib */ = {isa = PBXFileReference; fileEncoding = 4; lastKnownFileType = file.xib; path = SBViewController.xib; sourceTree = "<group>"; };
		9FC0557018E2AA6500743E16 /* MockManager.h */ = {isa = PBXFileReference; fileEncoding = 4; lastKnownFileType = sourcecode.c.h; path = MockManager.h; sourceTree = "<group>"; };
		9FC0557118E2AA6500743E16 /* MockManager.m */ = {isa = PBXFileReference; fileEncoding = 4; lastKnownFileType = sourcecode.c.objc; path = MockManager.m; sourceTree = "<group>"; };
		9FC0557518E2B31600743E16 /* AFHTTPRequestOperation.h */ = {isa = PBXFileReference; fileEncoding = 4; lastKnownFileType = sourcecode.c.h; path = AFHTTPRequestOperation.h; sourceTree = "<group>"; };
		9FC0557618E2B31600743E16 /* AFHTTPRequestOperation.m */ = {isa = PBXFileReference; fileEncoding = 4; lastKnownFileType = sourcecode.c.objc; path = AFHTTPRequestOperation.m; sourceTree = "<group>"; };
		9FC0557718E2B31600743E16 /* AFHTTPRequestOperationManager.h */ = {isa = PBXFileReference; fileEncoding = 4; lastKnownFileType = sourcecode.c.h; path = AFHTTPRequestOperationManager.h; sourceTree = "<group>"; };
		9FC0557818E2B31600743E16 /* AFHTTPRequestOperationManager.m */ = {isa = PBXFileReference; fileEncoding = 4; lastKnownFileType = sourcecode.c.objc; path = AFHTTPRequestOperationManager.m; sourceTree = "<group>"; };
		9FC0557918E2B31600743E16 /* AFHTTPSessionManager.h */ = {isa = PBXFileReference; fileEncoding = 4; lastKnownFileType = sourcecode.c.h; path = AFHTTPSessionManager.h; sourceTree = "<group>"; };
		9FC0557A18E2B31600743E16 /* AFHTTPSessionManager.m */ = {isa = PBXFileReference; fileEncoding = 4; lastKnownFileType = sourcecode.c.objc; path = AFHTTPSessionManager.m; sourceTree = "<group>"; };
		9FC0557B18E2B31600743E16 /* AFNetworking.h */ = {isa = PBXFileReference; fileEncoding = 4; lastKnownFileType = sourcecode.c.h; path = AFNetworking.h; sourceTree = "<group>"; };
		9FC0557C18E2B31600743E16 /* AFNetworkReachabilityManager.h */ = {isa = PBXFileReference; fileEncoding = 4; lastKnownFileType = sourcecode.c.h; path = AFNetworkReachabilityManager.h; sourceTree = "<group>"; };
		9FC0557D18E2B31600743E16 /* AFNetworkReachabilityManager.m */ = {isa = PBXFileReference; fileEncoding = 4; lastKnownFileType = sourcecode.c.objc; path = AFNetworkReachabilityManager.m; sourceTree = "<group>"; };
		9FC0557E18E2B31600743E16 /* AFSecurityPolicy.h */ = {isa = PBXFileReference; fileEncoding = 4; lastKnownFileType = sourcecode.c.h; path = AFSecurityPolicy.h; sourceTree = "<group>"; };
		9FC0557F18E2B31600743E16 /* AFSecurityPolicy.m */ = {isa = PBXFileReference; fileEncoding = 4; lastKnownFileType = sourcecode.c.objc; path = AFSecurityPolicy.m; sourceTree = "<group>"; };
		9FC0558018E2B31600743E16 /* AFURLConnectionOperation.h */ = {isa = PBXFileReference; fileEncoding = 4; lastKnownFileType = sourcecode.c.h; path = AFURLConnectionOperation.h; sourceTree = "<group>"; };
		9FC0558118E2B31600743E16 /* AFURLConnectionOperation.m */ = {isa = PBXFileReference; fileEncoding = 4; lastKnownFileType = sourcecode.c.objc; path = AFURLConnectionOperation.m; sourceTree = "<group>"; };
		9FC0558218E2B31600743E16 /* AFURLRequestSerialization.h */ = {isa = PBXFileReference; fileEncoding = 4; lastKnownFileType = sourcecode.c.h; path = AFURLRequestSerialization.h; sourceTree = "<group>"; };
		9FC0558318E2B31600743E16 /* AFURLRequestSerialization.m */ = {isa = PBXFileReference; fileEncoding = 4; lastKnownFileType = sourcecode.c.objc; path = AFURLRequestSerialization.m; sourceTree = "<group>"; };
		9FC0558418E2B31600743E16 /* AFURLResponseSerialization.h */ = {isa = PBXFileReference; fileEncoding = 4; lastKnownFileType = sourcecode.c.h; path = AFURLResponseSerialization.h; sourceTree = "<group>"; };
		9FC0558518E2B31600743E16 /* AFURLResponseSerialization.m */ = {isa = PBXFileReference; fileEncoding = 4; lastKnownFileType = sourcecode.c.objc; path = AFURLResponseSerialization.m; sourceTree = "<group>"; };
		9FC0558618E2B31600743E16 /* AFURLSessionManager.h */ = {isa = PBXFileReference; fileEncoding = 4; lastKnownFileType = sourcecode.c.h; path = AFURLSessionManager.h; sourceTree = "<group>"; };
		9FC0558718E2B31600743E16 /* AFURLSessionManager.m */ = {isa = PBXFileReference; fileEncoding = 4; lastKnownFileType = sourcecode.c.objc; path = AFURLSessionManager.m; sourceTree = "<group>"; };
		9FC0559218E2B46300743E16 /* AFNetworkActivityIndicatorManager.h */ = {isa = PBXFileReference; fileEncoding = 4; lastKnownFileType = sourcecode.c.h; path = AFNetworkActivityIndicatorManager.h; sourceTree = "<group>"; };
		9FC0559318E2B46300743E16 /* AFNetworkActivityIndicatorManager.m */ = {isa = PBXFileReference; fileEncoding = 4; lastKnownFileType = sourcecode.c.objc; path = AFNetworkActivityIndicatorManager.m; sourceTree = "<group>"; };
		9FC0559418E2B46300743E16 /* UIActivityIndicatorView+AFNetworking.h */ = {isa = PBXFileReference; fileEncoding = 4; lastKnownFileType = sourcecode.c.h; path = "UIActivityIndicatorView+AFNetworking.h"; sourceTree = "<group>"; };
		9FC0559518E2B46300743E16 /* UIActivityIndicatorView+AFNetworking.m */ = {isa = PBXFileReference; fileEncoding = 4; lastKnownFileType = sourcecode.c.objc; path = "UIActivityIndicatorView+AFNetworking.m"; sourceTree = "<group>"; };
		9FC0559618E2B46300743E16 /* UIAlertView+AFNetworking.h */ = {isa = PBXFileReference; fileEncoding = 4; lastKnownFileType = sourcecode.c.h; path = "UIAlertView+AFNetworking.h"; sourceTree = "<group>"; };
		9FC0559718E2B46300743E16 /* UIAlertView+AFNetworking.m */ = {isa = PBXFileReference; fileEncoding = 4; lastKnownFileType = sourcecode.c.objc; path = "UIAlertView+AFNetworking.m"; sourceTree = "<group>"; };
		9FC0559818E2B46300743E16 /* UIButton+AFNetworking.h */ = {isa = PBXFileReference; fileEncoding = 4; lastKnownFileType = sourcecode.c.h; path = "UIButton+AFNetworking.h"; sourceTree = "<group>"; };
		9FC0559918E2B46300743E16 /* UIButton+AFNetworking.m */ = {isa = PBXFileReference; fileEncoding = 4; lastKnownFileType = sourcecode.c.objc; path = "UIButton+AFNetworking.m"; sourceTree = "<group>"; };
		9FC0559A18E2B46300743E16 /* UIImageView+AFNetworking.h */ = {isa = PBXFileReference; fileEncoding = 4; lastKnownFileType = sourcecode.c.h; path = "UIImageView+AFNetworking.h"; sourceTree = "<group>"; };
		9FC0559B18E2B46300743E16 /* UIImageView+AFNetworking.m */ = {isa = PBXFileReference; fileEncoding = 4; lastKnownFileType = sourcecode.c.objc; path = "UIImageView+AFNetworking.m"; sourceTree = "<group>"; };
		9FC0559C18E2B46300743E16 /* UIKit+AFNetworking.h */ = {isa = PBXFileReference; fileEncoding = 4; lastKnownFileType = sourcecode.c.h; path = "UIKit+AFNetworking.h"; sourceTree = "<group>"; };
		9FC0559D18E2B46300743E16 /* UIProgressView+AFNetworking.h */ = {isa = PBXFileReference; fileEncoding = 4; lastKnownFileType = sourcecode.c.h; path = "UIProgressView+AFNetworking.h"; sourceTree = "<group>"; };
		9FC0559E18E2B46300743E16 /* UIProgressView+AFNetworking.m */ = {isa = PBXFileReference; fileEncoding = 4; lastKnownFileType = sourcecode.c.objc; path = "UIProgressView+AFNetworking.m"; sourceTree = "<group>"; };
		9FC0559F18E2B46300743E16 /* UIRefreshControl+AFNetworking.h */ = {isa = PBXFileReference; fileEncoding = 4; lastKnownFileType = sourcecode.c.h; path = "UIRefreshControl+AFNetworking.h"; sourceTree = "<group>"; };
		9FC055A018E2B46300743E16 /* UIRefreshControl+AFNetworking.m */ = {isa = PBXFileReference; fileEncoding = 4; lastKnownFileType = sourcecode.c.objc; path = "UIRefreshControl+AFNetworking.m"; sourceTree = "<group>"; };
		9FC055A118E2B46300743E16 /* UIWebView+AFNetworking.h */ = {isa = PBXFileReference; fileEncoding = 4; lastKnownFileType = sourcecode.c.h; path = "UIWebView+AFNetworking.h"; sourceTree = "<group>"; };
		9FC055A218E2B46300743E16 /* UIWebView+AFNetworking.m */ = {isa = PBXFileReference; fileEncoding = 4; lastKnownFileType = sourcecode.c.objc; path = "UIWebView+AFNetworking.m"; sourceTree = "<group>"; };
		9FC055AC18E2B66A00743E16 /* CityMapViewController.h */ = {isa = PBXFileReference; fileEncoding = 4; lastKnownFileType = sourcecode.c.h; path = CityMapViewController.h; sourceTree = "<group>"; };
		9FC055AD18E2B66A00743E16 /* CityMapViewController.m */ = {isa = PBXFileReference; fileEncoding = 4; lastKnownFileType = sourcecode.c.objc; path = CityMapViewController.m; sourceTree = "<group>"; };
		9FC055AE18E2B66A00743E16 /* CityMapViewController.xib */ = {isa = PBXFileReference; fileEncoding = 4; lastKnownFileType = file.xib; path = CityMapViewController.xib; sourceTree = "<group>"; };
		9FC055B118E2B6D300743E16 /* MapKit.framework */ = {isa = PBXFileReference; lastKnownFileType = wrapper.framework; name = MapKit.framework; path = System/Library/Frameworks/MapKit.framework; sourceTree = SDKROOT; };
		9FC055B418E2BF7700743E16 /* MKTableViewController.h */ = {isa = PBXFileReference; fileEncoding = 4; lastKnownFileType = sourcecode.c.h; path = MKTableViewController.h; sourceTree = "<group>"; };
		9FC055B518E2BF7700743E16 /* MKTableViewController.m */ = {isa = PBXFileReference; fileEncoding = 4; lastKnownFileType = sourcecode.c.objc; path = MKTableViewController.m; sourceTree = "<group>"; };
		9FC055B618E2BF7700743E16 /* MKTableViewController.xib */ = {isa = PBXFileReference; fileEncoding = 4; lastKnownFileType = file.xib; path = MKTableViewController.xib; sourceTree = "<group>"; };
		9FFE21A618E260DB00AF78AF /* Icon-40@2x.png */ = {isa = PBXFileReference; lastKnownFileType = image.png; path = "Icon-40@2x.png"; sourceTree = "<group>"; };
		9FFE21A718E260DB00AF78AF /* Icon-60@2x.png */ = {isa = PBXFileReference; lastKnownFileType = image.png; path = "Icon-60@2x.png"; sourceTree = "<group>"; };
		9FFE21AB18E260DB00AF78AF /* Icon@2x.png */ = {isa = PBXFileReference; lastKnownFileType = image.png; path = "Icon@2x.png"; sourceTree = "<group>"; };
		9FFE21B218E261E000AF78AF /* City.h */ = {isa = PBXFileReference; fileEncoding = 4; lastKnownFileType = sourcecode.c.h; path = City.h; sourceTree = "<group>"; };
		9FFE21B318E261E000AF78AF /* City.m */ = {isa = PBXFileReference; fileEncoding = 4; lastKnownFileType = sourcecode.c.objc; path = City.m; sourceTree = "<group>"; };
/* End PBXFileReference section */

/* Begin PBXFrameworksBuildPhase section */
		9F9F338418E108010077C85A /* Frameworks */ = {
			isa = PBXFrameworksBuildPhase;
			buildActionMask = 2147483647;
			files = (
				7644726F18E49DDF00319348 /* libz.dylib in Frameworks */,
				9F9F338D18E108010077C85A /* CoreGraphics.framework in Frameworks */,
				7644726D18E49DD200319348 /* MobileCoreServices.framework in Frameworks */,
				7644726B18E49DCA00319348 /* SystemConfiguration.framework in Frameworks */,
				9F4F9AE418E42ED500C55A5D /* EventKitUI.framework in Frameworks */,
				9F4F9AE218E42E0600C55A5D /* EventKit.framework in Frameworks */,
				9FC055B218E2B6D300743E16 /* MapKit.framework in Frameworks */,
				9F9F33CC18E138A20077C85A /* CoreLocation.framework in Frameworks */,
				9F9F33C318E112590077C85A /* CoreData.framework in Frameworks */,
				9F9F338F18E108010077C85A /* UIKit.framework in Frameworks */,
				9F9F338B18E108010077C85A /* Foundation.framework in Frameworks */,
			);
			runOnlyForDeploymentPostprocessing = 0;
		};
		9F9F33A518E108010077C85A /* Frameworks */ = {
			isa = PBXFrameworksBuildPhase;
			buildActionMask = 2147483647;
			files = (
				7644726918E49D8600319348 /* CFNetwork.framework in Frameworks */,
				9F9F33AA18E108010077C85A /* XCTest.framework in Frameworks */,
				9F9F33AC18E108010077C85A /* UIKit.framework in Frameworks */,
				9F9F33AB18E108010077C85A /* Foundation.framework in Frameworks */,
			);
			runOnlyForDeploymentPostprocessing = 0;
		};
/* End PBXFrameworksBuildPhase section */

/* Begin PBXGroup section */
		9F14E64818E667860004BD9F /* TripViewController */ = {
			isa = PBXGroup;
			children = (
				9F14E64E18E669050004BD9F /* AddTripViewController */,
				9F14E64918E667BB0004BD9F /* TripViewController.h */,
				9F14E64A18E667BB0004BD9F /* TripViewController.m */,
				9F14E64B18E667BB0004BD9F /* TripViewController.xib */,
			);
			path = TripViewController;
			sourceTree = "<group>";
		};
		9F14E64E18E669050004BD9F /* AddTripViewController */ = {
			isa = PBXGroup;
			children = (
				9F14E64F18E669170004BD9F /* AddTripViewController.h */,
				9F14E65018E669170004BD9F /* AddTripViewController.m */,
				9F14E65118E669170004BD9F /* AddTripViewController.xib */,
				9F1C6E2518E7B1B700E7CD41 /* AddTripTableViewCell.h */,
				9F1C6E2618E7B1B700E7CD41 /* AddTripTableViewCell.m */,
			);
			path = AddTripViewController;
			sourceTree = "<group>";
		};
		9F4F9ACE18E427A900C55A5D /* EventViewController */ = {
			isa = PBXGroup;
			children = (
				9F4F9ADA18E42C9600C55A5D /* ChooseCityViewController */,
				9F4F9AED18E44AF800C55A5D /* EventDetailViewController */,
				9F4F9ACF18E427D900C55A5D /* EventViewController.h */,
				9F4F9AD018E427D900C55A5D /* EventViewController.m */,
				9F4F9AD118E427D900C55A5D /* EventViewController.xib */,
			);
			path = EventViewController;
			sourceTree = "<group>";
		};
		9F4F9ADA18E42C9600C55A5D /* ChooseCityViewController */ = {
			isa = PBXGroup;
			children = (
				9F4F9ADB18E42CAB00C55A5D /* ChooseCityViewController.h */,
				9F4F9ADC18E42CAB00C55A5D /* ChooseCityViewController.m */,
				9F4F9ADD18E42CAB00C55A5D /* ChooseCityViewController.xib */,
			);
			path = ChooseCityViewController;
			sourceTree = "<group>";
		};
		9F4F9AED18E44AF800C55A5D /* EventDetailViewController */ = {
			isa = PBXGroup;
			children = (
				9F4F9AEE18E44AF800C55A5D /* EventDetailViewController.h */,
				9F4F9AEF18E44AF800C55A5D /* EventDetailViewController.m */,
				9F4F9AF018E44AF800C55A5D /* EventDetailViewController.xib */,
			);
			path = EventDetailViewController;
			sourceTree = "<group>";
		};
		9F9F337E18E108010077C85A = {
			isa = PBXGroup;
			children = (
				9F9F339018E108010077C85A /* Spoonbill */,
				9F9F33AF18E108010077C85A /* SpoonbillTests */,
				9F9F338918E108010077C85A /* Frameworks */,
				9F9F338818E108010077C85A /* Products */,
			);
			sourceTree = "<group>";
		};
		9F9F338818E108010077C85A /* Products */ = {
			isa = PBXGroup;
			children = (
				9F9F338718E108010077C85A /* Spoonbill.app */,
				9F9F33A818E108010077C85A /* SpoonbillTests.xctest */,
			);
			name = Products;
			sourceTree = "<group>";
		};
		9F9F338918E108010077C85A /* Frameworks */ = {
			isa = PBXGroup;
			children = (
				7644726E18E49DDF00319348 /* libz.dylib */,
				7644726C18E49DD200319348 /* MobileCoreServices.framework */,
				7644726A18E49DCA00319348 /* SystemConfiguration.framework */,
				7644726818E49D8600319348 /* CFNetwork.framework */,
				9F4F9AE018E42E0600C55A5D /* EventKit.framework */,
				9F4F9AE118E42E0600C55A5D /* EventKitUI.framework */,
				9FC055B118E2B6D300743E16 /* MapKit.framework */,
				9F9F33CB18E138A20077C85A /* CoreLocation.framework */,
				9F9F33C218E112580077C85A /* CoreData.framework */,
				9F9F338A18E108010077C85A /* Foundation.framework */,
				9F9F338C18E108010077C85A /* CoreGraphics.framework */,
				9F9F338E18E108010077C85A /* UIKit.framework */,
				9F9F33A918E108010077C85A /* XCTest.framework */,
			);
			name = Frameworks;
			sourceTree = "<group>";
		};
		9F9F339018E108010077C85A /* Spoonbill */ = {
			isa = PBXGroup;
			children = (
				9FC0557318E2B31600743E16 /* Libraries */,
				9FFE21A418E260DB00AF78AF /* Resources */,
				9F9F33E218E1616F0077C85A /* Utilities */,
				9F9F33C018E111890077C85A /* Model */,
				9F9F33C118E111890077C85A /* View */,
				9F9F33BF18E111890077C85A /* Controller */,
				9F9F339918E108010077C85A /* AppDelegate.h */,
				9F9F339A18E108010077C85A /* AppDelegate.m */,
				9F9F339C18E108010077C85A /* Main.storyboard */,
				9F9F339F18E108010077C85A /* RootViewController.h */,
				9F9F33A018E108010077C85A /* RootViewController.m */,
				9F9F33A218E108010077C85A /* Images.xcassets */,
				9F9F339118E108010077C85A /* Supporting Files */,
			);
			path = Spoonbill;
			sourceTree = "<group>";
		};
		9F9F339118E108010077C85A /* Supporting Files */ = {
			isa = PBXGroup;
			children = (
				9F9F339218E108010077C85A /* Spoonbill-Info.plist */,
				9F9F339318E108010077C85A /* InfoPlist.strings */,
				9F9F339618E108010077C85A /* main.m */,
				9F9F339818E108010077C85A /* Spoonbill-Prefix.pch */,
			);
			name = "Supporting Files";
			sourceTree = "<group>";
		};
		9F9F33AF18E108010077C85A /* SpoonbillTests */ = {
			isa = PBXGroup;
			children = (
				9F9F33B518E108010077C85A /* SpoonbillTests.m */,
				9F9F33B018E108010077C85A /* Supporting Files */,
			);
			path = SpoonbillTests;
			sourceTree = "<group>";
		};
		9F9F33B018E108010077C85A /* Supporting Files */ = {
			isa = PBXGroup;
			children = (
				9F9F33B118E108010077C85A /* SpoonbillTests-Info.plist */,
				9F9F33B218E108010077C85A /* InfoPlist.strings */,
			);
			name = "Supporting Files";
			sourceTree = "<group>";
		};
		9F9F33BF18E111890077C85A /* Controller */ = {
			isa = PBXGroup;
			children = (
				9F9F33D418E14F810077C85A /* CityViewController */,
				9F4F9ACE18E427A900C55A5D /* EventViewController */,
				9F14E64818E667860004BD9F /* TripViewController */,
				9F9F33F218E16E6A0077C85A /* CDTableViewController */,
				9FC055B318E2BF5600743E16 /* MKTableViewController */,
				9FC0556918E274AE00743E16 /* SBViewController */,
			);
			name = Controller;
			path = Sources/Controller;
			sourceTree = "<group>";
		};
		9F9F33C018E111890077C85A /* Model */ = {
			isa = PBXGroup;
			children = (
				9F9F33CD18E13B930077C85A /* LocationManager */,
				9FC0556F18E2AA5100743E16 /* MockManager */,
				9F9F33C418E1128F0077C85A /* TripManager */,
			);
			name = Model;
			path = Sources/Model;
			sourceTree = "<group>";
		};
		9F9F33C118E111890077C85A /* View */ = {
			isa = PBXGroup;
			children = (
			);
			name = View;
			path = Sources/View;
			sourceTree = "<group>";
		};
		9F9F33C418E1128F0077C85A /* TripManager */ = {
			isa = PBXGroup;
			children = (
				9F9F33C518E112A60077C85A /* TripManager.h */,
				9F9F33C618E112A60077C85A /* TripManager.m */,
				9F9F33C818E1148E0077C85A /* TripDataStorage.xcdatamodeld */,
				9F1C6E2818E7B73000E7CD41 /* Trip.h */,
				9F1C6E2918E7B73000E7CD41 /* Trip.m */,
				9F14E65718E68C9E0004BD9F /* Event.h */,
				9F14E65818E68C9E0004BD9F /* Event.m */,
				9FFE21B218E261E000AF78AF /* City.h */,
				9FFE21B318E261E000AF78AF /* City.m */,
			);
			path = TripManager;
			sourceTree = "<group>";
		};
		9F9F33CD18E13B930077C85A /* LocationManager */ = {
			isa = PBXGroup;
			children = (
				9F9F33CE18E13BB30077C85A /* LocationManager.h */,
				9F9F33CF18E13BB30077C85A /* LocationManager.m */,
			);
			path = LocationManager;
			sourceTree = "<group>";
		};
		9F9F33D418E14F810077C85A /* CityViewController */ = {
			isa = PBXGroup;
			children = (
				9F9F33E918E16E1C0077C85A /* AddCityViewController */,
				9FC055AB18E2B65700743E16 /* CityMapViewController */,
				9F9F33D518E14FA20077C85A /* CityViewController.h */,
				9F9F33D618E14FA20077C85A /* CityViewController.m */,
				9F9F33D718E14FA20077C85A /* CityViewController.xib */,
			);
			path = CityViewController;
			sourceTree = "<group>";
		};
		9F9F33E218E1616F0077C85A /* Utilities */ = {
			isa = PBXGroup;
			children = (
				9F9F33E318E1619E0077C85A /* NSObject+Extensions.h */,
				9F9F33E418E1619E0077C85A /* NSObject+Extensions.m */,
				9F4F9AE518E43EC800C55A5D /* NSDate+Extensions.h */,
				9F4F9AE618E43EC800C55A5D /* NSDate+Extensions.m */,
			);
			name = Utilities;
			path = Sources/Utilities;
			sourceTree = "<group>";
		};
		9F9F33E918E16E1C0077C85A /* AddCityViewController */ = {
			isa = PBXGroup;
			children = (
				9F9F33EA18E16E1C0077C85A /* AddCityTableViewCell.h */,
				9F9F33EB18E16E1C0077C85A /* AddCityTableViewCell.m */,
				9F9F33EC18E16E1C0077C85A /* AddCityViewController.h */,
				9F9F33ED18E16E1C0077C85A /* AddCityViewController.m */,
				9F9F33EE18E16E1C0077C85A /* AddCityViewController.xib */,
			);
			path = AddCityViewController;
			sourceTree = "<group>";
		};
		9F9F33F218E16E6A0077C85A /* CDTableViewController */ = {
			isa = PBXGroup;
			children = (
				9F9F33F318E16E960077C85A /* CDTableViewController.h */,
				9F9F33F418E16E960077C85A /* CDTableViewController.m */,
				9F9F33F518E16E960077C85A /* CDTableViewController.xib */,
			);
			path = CDTableViewController;
			sourceTree = "<group>";
		};
		9FC0556918E274AE00743E16 /* SBViewController */ = {
			isa = PBXGroup;
			children = (
				9FC0556A18E274C300743E16 /* SBViewController.h */,
				9FC0556B18E274C300743E16 /* SBViewController.m */,
				9FC0556C18E274C300743E16 /* SBViewController.xib */,
			);
			path = SBViewController;
			sourceTree = "<group>";
		};
		9FC0556F18E2AA5100743E16 /* MockManager */ = {
			isa = PBXGroup;
			children = (
				9FC0557018E2AA6500743E16 /* MockManager.h */,
				9FC0557118E2AA6500743E16 /* MockManager.m */,
			);
			path = MockManager;
			sourceTree = "<group>";
		};
		9FC0557318E2B31600743E16 /* Libraries */ = {
			isa = PBXGroup;
			children = (
				9FC0559118E2B46300743E16 /* UIKit+AFNetworking */,
				9FC0557418E2B31600743E16 /* AFNetworking */,
			);
			path = Libraries;
			sourceTree = "<group>";
		};
		9FC0557418E2B31600743E16 /* AFNetworking */ = {
			isa = PBXGroup;
			children = (
				9FC0557518E2B31600743E16 /* AFHTTPRequestOperation.h */,
				9FC0557618E2B31600743E16 /* AFHTTPRequestOperation.m */,
				9FC0557718E2B31600743E16 /* AFHTTPRequestOperationManager.h */,
				9FC0557818E2B31600743E16 /* AFHTTPRequestOperationManager.m */,
				9FC0557918E2B31600743E16 /* AFHTTPSessionManager.h */,
				9FC0557A18E2B31600743E16 /* AFHTTPSessionManager.m */,
				9FC0557B18E2B31600743E16 /* AFNetworking.h */,
				9FC0557C18E2B31600743E16 /* AFNetworkReachabilityManager.h */,
				9FC0557D18E2B31600743E16 /* AFNetworkReachabilityManager.m */,
				9FC0557E18E2B31600743E16 /* AFSecurityPolicy.h */,
				9FC0557F18E2B31600743E16 /* AFSecurityPolicy.m */,
				9FC0558018E2B31600743E16 /* AFURLConnectionOperation.h */,
				9FC0558118E2B31600743E16 /* AFURLConnectionOperation.m */,
				9FC0558218E2B31600743E16 /* AFURLRequestSerialization.h */,
				9FC0558318E2B31600743E16 /* AFURLRequestSerialization.m */,
				9FC0558418E2B31600743E16 /* AFURLResponseSerialization.h */,
				9FC0558518E2B31600743E16 /* AFURLResponseSerialization.m */,
				9FC0558618E2B31600743E16 /* AFURLSessionManager.h */,
				9FC0558718E2B31600743E16 /* AFURLSessionManager.m */,
			);
			path = AFNetworking;
			sourceTree = "<group>";
		};
		9FC0559118E2B46300743E16 /* UIKit+AFNetworking */ = {
			isa = PBXGroup;
			children = (
				9FC0559218E2B46300743E16 /* AFNetworkActivityIndicatorManager.h */,
				9FC0559318E2B46300743E16 /* AFNetworkActivityIndicatorManager.m */,
				9FC0559418E2B46300743E16 /* UIActivityIndicatorView+AFNetworking.h */,
				9FC0559518E2B46300743E16 /* UIActivityIndicatorView+AFNetworking.m */,
				9FC0559618E2B46300743E16 /* UIAlertView+AFNetworking.h */,
				9FC0559718E2B46300743E16 /* UIAlertView+AFNetworking.m */,
				9FC0559818E2B46300743E16 /* UIButton+AFNetworking.h */,
				9FC0559918E2B46300743E16 /* UIButton+AFNetworking.m */,
				9FC0559A18E2B46300743E16 /* UIImageView+AFNetworking.h */,
				9FC0559B18E2B46300743E16 /* UIImageView+AFNetworking.m */,
				9FC0559C18E2B46300743E16 /* UIKit+AFNetworking.h */,
				9FC0559D18E2B46300743E16 /* UIProgressView+AFNetworking.h */,
				9FC0559E18E2B46300743E16 /* UIProgressView+AFNetworking.m */,
				9FC0559F18E2B46300743E16 /* UIRefreshControl+AFNetworking.h */,
				9FC055A018E2B46300743E16 /* UIRefreshControl+AFNetworking.m */,
				9FC055A118E2B46300743E16 /* UIWebView+AFNetworking.h */,
				9FC055A218E2B46300743E16 /* UIWebView+AFNetworking.m */,
			);
			path = "UIKit+AFNetworking";
			sourceTree = "<group>";
		};
		9FC055AB18E2B65700743E16 /* CityMapViewController */ = {
			isa = PBXGroup;
			children = (
				9FC055AC18E2B66A00743E16 /* CityMapViewController.h */,
				9FC055AD18E2B66A00743E16 /* CityMapViewController.m */,
				9FC055AE18E2B66A00743E16 /* CityMapViewController.xib */,
			);
			path = CityMapViewController;
			sourceTree = "<group>";
		};
		9FC055B318E2BF5600743E16 /* MKTableViewController */ = {
			isa = PBXGroup;
			children = (
				9FC055B418E2BF7700743E16 /* MKTableViewController.h */,
				9FC055B518E2BF7700743E16 /* MKTableViewController.m */,
				9FC055B618E2BF7700743E16 /* MKTableViewController.xib */,
			);
			path = MKTableViewController;
			sourceTree = "<group>";
		};
		9FFE21A418E260DB00AF78AF /* Resources */ = {
			isa = PBXGroup;
			children = (
				9FFE21A518E260DB00AF78AF /* AppIcon */,
			);
			path = Resources;
			sourceTree = "<group>";
		};
		9FFE21A518E260DB00AF78AF /* AppIcon */ = {
			isa = PBXGroup;
			children = (
				9FFE21A618E260DB00AF78AF /* Icon-40@2x.png */,
				9FFE21A718E260DB00AF78AF /* Icon-60@2x.png */,
				9FFE21AB18E260DB00AF78AF /* Icon@2x.png */,
			);
			path = AppIcon;
			sourceTree = "<group>";
		};
/* End PBXGroup section */

/* Begin PBXNativeTarget section */
		9F9F338618E108010077C85A /* Spoonbill */ = {
			isa = PBXNativeTarget;
			buildConfigurationList = 9F9F33B918E108010077C85A /* Build configuration list for PBXNativeTarget "Spoonbill" */;
			buildPhases = (
				9F9F338318E108010077C85A /* Sources */,
				9F9F338418E108010077C85A /* Frameworks */,
				9F9F338518E108010077C85A /* Resources */,
			);
			buildRules = (
			);
			dependencies = (
			);
			name = Spoonbill;
			productName = Spoonbill;
			productReference = 9F9F338718E108010077C85A /* Spoonbill.app */;
			productType = "com.apple.product-type.application";
		};
		9F9F33A718E108010077C85A /* SpoonbillTests */ = {
			isa = PBXNativeTarget;
			buildConfigurationList = 9F9F33BC18E108010077C85A /* Build configuration list for PBXNativeTarget "SpoonbillTests" */;
			buildPhases = (
				9F9F33A418E108010077C85A /* Sources */,
				9F9F33A518E108010077C85A /* Frameworks */,
				9F9F33A618E108010077C85A /* Resources */,
			);
			buildRules = (
			);
			dependencies = (
				9F9F33AE18E108010077C85A /* PBXTargetDependency */,
			);
			name = SpoonbillTests;
			productName = SpoonbillTests;
			productReference = 9F9F33A818E108010077C85A /* SpoonbillTests.xctest */;
			productType = "com.apple.product-type.bundle.unit-test";
		};
/* End PBXNativeTarget section */

/* Begin PBXProject section */
		9F9F337F18E108010077C85A /* Project object */ = {
			isa = PBXProject;
			attributes = {
				LastUpgradeCheck = 0510;
				ORGANIZATIONNAME = Istuary;
				TargetAttributes = {
					9F9F33A718E108010077C85A = {
						TestTargetID = 9F9F338618E108010077C85A;
					};
				};
			};
			buildConfigurationList = 9F9F338218E108010077C85A /* Build configuration list for PBXProject "Spoonbill" */;
			compatibilityVersion = "Xcode 3.2";
			developmentRegion = English;
			hasScannedForEncodings = 0;
			knownRegions = (
				en,
				Base,
			);
			mainGroup = 9F9F337E18E108010077C85A;
			productRefGroup = 9F9F338818E108010077C85A /* Products */;
			projectDirPath = "";
			projectRoot = "";
			targets = (
				9F9F338618E108010077C85A /* Spoonbill */,
				9F9F33A718E108010077C85A /* SpoonbillTests */,
			);
		};
/* End PBXProject section */

/* Begin PBXResourcesBuildPhase section */
		9F9F338518E108010077C85A /* Resources */ = {
			isa = PBXResourcesBuildPhase;
			buildActionMask = 2147483647;
			files = (
				9FC055B018E2B66A00743E16 /* CityMapViewController.xib in Resources */,
				9F14E65318E669170004BD9F /* AddTripViewController.xib in Resources */,
				9F9F33F118E16E1C0077C85A /* AddCityViewController.xib in Resources */,
				9F4F9ADF18E42CAB00C55A5D /* ChooseCityViewController.xib in Resources */,
				9FFE21B118E260DB00AF78AF /* Icon@2x.png in Resources */,
				9F9F33A318E108010077C85A /* Images.xcassets in Resources */,
				9F14E64D18E667BB0004BD9F /* TripViewController.xib in Resources */,
				9F4F9AF218E44AF800C55A5D /* EventDetailViewController.xib in Resources */,
				9F9F339518E108010077C85A /* InfoPlist.strings in Resources */,
				9F9F339E18E108010077C85A /* Main.storyboard in Resources */,
				9FC0556E18E274C300743E16 /* SBViewController.xib in Resources */,
				9F4F9AD318E427D900C55A5D /* EventViewController.xib in Resources */,
				9FFE21AC18E260DB00AF78AF /* Icon-40@2x.png in Resources */,
				9F9F33F718E16E960077C85A /* CDTableViewController.xib in Resources */,
				9FC055B818E2BF7700743E16 /* MKTableViewController.xib in Resources */,
				9F9F33D918E14FA20077C85A /* CityViewController.xib in Resources */,
				9FFE21AD18E260DB00AF78AF /* Icon-60@2x.png in Resources */,
			);
			runOnlyForDeploymentPostprocessing = 0;
		};
		9F9F33A618E108010077C85A /* Resources */ = {
			isa = PBXResourcesBuildPhase;
			buildActionMask = 2147483647;
			files = (
				9F9F33B418E108010077C85A /* InfoPlist.strings in Resources */,
			);
			runOnlyForDeploymentPostprocessing = 0;
		};
/* End PBXResourcesBuildPhase section */

/* Begin PBXSourcesBuildPhase section */
		9F9F338318E108010077C85A /* Sources */ = {
			isa = PBXSourcesBuildPhase;
			buildActionMask = 2147483647;
			files = (
				9F14E65218E669170004BD9F /* AddTripViewController.m in Sources */,
				9F9F33EF18E16E1C0077C85A /* AddCityTableViewCell.m in Sources */,
				9F1C6E2A18E7B73000E7CD41 /* Trip.m in Sources */,
				9FC055A418E2B46300743E16 /* UIActivityIndicatorView+AFNetworking.m in Sources */,
				9FC055A918E2B46300743E16 /* UIRefreshControl+AFNetworking.m in Sources */,
				9FC055A618E2B46300743E16 /* UIButton+AFNetworking.m in Sources */,
				9FC055A518E2B46300743E16 /* UIAlertView+AFNetworking.m in Sources */,
				9F1C6E2718E7B1B700E7CD41 /* AddTripTableViewCell.m in Sources */,
				9F9F33E518E1619E0077C85A /* NSObject+Extensions.m in Sources */,
				9FFE21B418E261E000AF78AF /* City.m in Sources */,
				9F9F33D018E13BB30077C85A /* LocationManager.m in Sources */,
				9FC055AF18E2B66A00743E16 /* CityMapViewController.m in Sources */,
				9FC0558F18E2B31600743E16 /* AFURLResponseSerialization.m in Sources */,
				9FC0558D18E2B31600743E16 /* AFURLConnectionOperation.m in Sources */,
				9F9F33F018E16E1C0077C85A /* AddCityViewController.m in Sources */,
				9FC0557218E2AA6500743E16 /* MockManager.m in Sources */,
				9FC055A818E2B46300743E16 /* UIProgressView+AFNetworking.m in Sources */,
				9FC0558918E2B31600743E16 /* AFHTTPRequestOperationManager.m in Sources */,
				9F9F33F618E16E960077C85A /* CDTableViewController.m in Sources */,
				9FC0558C18E2B31600743E16 /* AFSecurityPolicy.m in Sources */,
				9F9F33CA18E1148E0077C85A /* TripDataStorage.xcdatamodeld in Sources */,
				9F4F9ADE18E42CAB00C55A5D /* ChooseCityViewController.m in Sources */,
				9F9F33A118E108010077C85A /* RootViewController.m in Sources */,
				9FC0558E18E2B31600743E16 /* AFURLRequestSerialization.m in Sources */,
				9FC0558B18E2B31600743E16 /* AFNetworkReachabilityManager.m in Sources */,
				9F9F339B18E108010077C85A /* AppDelegate.m in Sources */,
				9F4F9AE718E43EC800C55A5D /* NSDate+Extensions.m in Sources */,
				9FC055A718E2B46300743E16 /* UIImageView+AFNetworking.m in Sources */,
				9F9F33C718E112A60077C85A /* TripManager.m in Sources */,
				9FC0556D18E274C300743E16 /* SBViewController.m in Sources */,
				9FC0558818E2B31600743E16 /* AFHTTPRequestOperation.m in Sources */,
				9F9F339718E108010077C85A /* main.m in Sources */,
				9F14E65918E68C9E0004BD9F /* Event.m in Sources */,
				9FC055A318E2B46300743E16 /* AFNetworkActivityIndicatorManager.m in Sources */,
				9FC055B718E2BF7700743E16 /* MKTableViewController.m in Sources */,
				9F4F9AF118E44AF800C55A5D /* EventDetailViewController.m in Sources */,
				9F4F9AD218E427D900C55A5D /* EventViewController.m in Sources */,
				9FC0558A18E2B31600743E16 /* AFHTTPSessionManager.m in Sources */,
				9FC055AA18E2B46300743E16 /* UIWebView+AFNetworking.m in Sources */,
				9F14E64C18E667BB0004BD9F /* TripViewController.m in Sources */,
				9F9F33D818E14FA20077C85A /* CityViewController.m in Sources */,
				9FC0559018E2B31600743E16 /* AFURLSessionManager.m in Sources */,
			);
			runOnlyForDeploymentPostprocessing = 0;
		};
		9F9F33A418E108010077C85A /* Sources */ = {
			isa = PBXSourcesBuildPhase;
			buildActionMask = 2147483647;
			files = (
				9F9F33B618E108010077C85A /* SpoonbillTests.m in Sources */,
			);
			runOnlyForDeploymentPostprocessing = 0;
		};
/* End PBXSourcesBuildPhase section */

/* Begin PBXTargetDependency section */
		9F9F33AE18E108010077C85A /* PBXTargetDependency */ = {
			isa = PBXTargetDependency;
			target = 9F9F338618E108010077C85A /* Spoonbill */;
			targetProxy = 9F9F33AD18E108010077C85A /* PBXContainerItemProxy */;
		};
/* End PBXTargetDependency section */

/* Begin PBXVariantGroup section */
		9F9F339318E108010077C85A /* InfoPlist.strings */ = {
			isa = PBXVariantGroup;
			children = (
				9F9F339418E108010077C85A /* en */,
			);
			name = InfoPlist.strings;
			sourceTree = "<group>";
		};
		9F9F339C18E108010077C85A /* Main.storyboard */ = {
			isa = PBXVariantGroup;
			children = (
				9F9F339D18E108010077C85A /* Base */,
			);
			name = Main.storyboard;
			sourceTree = "<group>";
		};
		9F9F33B218E108010077C85A /* InfoPlist.strings */ = {
			isa = PBXVariantGroup;
			children = (
				9F9F33B318E108010077C85A /* en */,
			);
			name = InfoPlist.strings;
			sourceTree = "<group>";
		};
/* End PBXVariantGroup section */

/* Begin XCBuildConfiguration section */
		9F9F33B718E108010077C85A /* Debug */ = {
			isa = XCBuildConfiguration;
			buildSettings = {
				ALWAYS_SEARCH_USER_PATHS = NO;
				CLANG_CXX_LANGUAGE_STANDARD = "gnu++0x";
				CLANG_CXX_LIBRARY = "libc++";
				CLANG_ENABLE_MODULES = YES;
				CLANG_ENABLE_OBJC_ARC = YES;
				CLANG_WARN_BOOL_CONVERSION = YES;
				CLANG_WARN_CONSTANT_CONVERSION = YES;
				CLANG_WARN_DIRECT_OBJC_ISA_USAGE = YES_ERROR;
				CLANG_WARN_EMPTY_BODY = YES;
				CLANG_WARN_ENUM_CONVERSION = YES;
				CLANG_WARN_INT_CONVERSION = YES;
				CLANG_WARN_OBJC_ROOT_CLASS = YES_ERROR;
				CLANG_WARN__DUPLICATE_METHOD_MATCH = YES;
				"CODE_SIGN_IDENTITY[sdk=iphoneos*]" = "iPhone Developer";
				COPY_PHASE_STRIP = NO;
				GCC_C_LANGUAGE_STANDARD = gnu99;
				GCC_DYNAMIC_NO_PIC = NO;
				GCC_OPTIMIZATION_LEVEL = 0;
				GCC_PREPROCESSOR_DEFINITIONS = (
					"DEBUG=1",
					"$(inherited)",
				);
				GCC_SYMBOLS_PRIVATE_EXTERN = NO;
				GCC_WARN_64_TO_32_BIT_CONVERSION = YES;
				GCC_WARN_ABOUT_RETURN_TYPE = YES_ERROR;
				GCC_WARN_UNDECLARED_SELECTOR = YES;
				GCC_WARN_UNINITIALIZED_AUTOS = YES_AGGRESSIVE;
				GCC_WARN_UNUSED_FUNCTION = YES;
				GCC_WARN_UNUSED_VARIABLE = YES;
				IPHONEOS_DEPLOYMENT_TARGET = 7.1;
				ONLY_ACTIVE_ARCH = YES;
				SDKROOT = iphoneos;
			};
			name = Debug;
		};
		9F9F33B818E108010077C85A /* Release */ = {
			isa = XCBuildConfiguration;
			buildSettings = {
				ALWAYS_SEARCH_USER_PATHS = NO;
				CLANG_CXX_LANGUAGE_STANDARD = "gnu++0x";
				CLANG_CXX_LIBRARY = "libc++";
				CLANG_ENABLE_MODULES = YES;
				CLANG_ENABLE_OBJC_ARC = YES;
				CLANG_WARN_BOOL_CONVERSION = YES;
				CLANG_WARN_CONSTANT_CONVERSION = YES;
				CLANG_WARN_DIRECT_OBJC_ISA_USAGE = YES_ERROR;
				CLANG_WARN_EMPTY_BODY = YES;
				CLANG_WARN_ENUM_CONVERSION = YES;
				CLANG_WARN_INT_CONVERSION = YES;
				CLANG_WARN_OBJC_ROOT_CLASS = YES_ERROR;
				CLANG_WARN__DUPLICATE_METHOD_MATCH = YES;
				"CODE_SIGN_IDENTITY[sdk=iphoneos*]" = "iPhone Developer";
				COPY_PHASE_STRIP = YES;
				ENABLE_NS_ASSERTIONS = NO;
				GCC_C_LANGUAGE_STANDARD = gnu99;
				GCC_WARN_64_TO_32_BIT_CONVERSION = YES;
				GCC_WARN_ABOUT_RETURN_TYPE = YES_ERROR;
				GCC_WARN_UNDECLARED_SELECTOR = YES;
				GCC_WARN_UNINITIALIZED_AUTOS = YES_AGGRESSIVE;
				GCC_WARN_UNUSED_FUNCTION = YES;
				GCC_WARN_UNUSED_VARIABLE = YES;
				IPHONEOS_DEPLOYMENT_TARGET = 7.1;
				SDKROOT = iphoneos;
				VALIDATE_PRODUCT = YES;
			};
			name = Release;
		};
		9F9F33BA18E108010077C85A /* Debug */ = {
			isa = XCBuildConfiguration;
			buildSettings = {
				ASSETCATALOG_COMPILER_APPICON_NAME = AppIcon;
				ASSETCATALOG_COMPILER_LAUNCHIMAGE_NAME = LaunchImage;
				GCC_PRECOMPILE_PREFIX_HEADER = YES;
				GCC_PREFIX_HEADER = "Spoonbill/Spoonbill-Prefix.pch";
				INFOPLIST_FILE = "Spoonbill/Spoonbill-Info.plist";
				IPHONEOS_DEPLOYMENT_TARGET = 7.0;
				PRODUCT_NAME = "$(TARGET_NAME)";
				WRAPPER_EXTENSION = app;
			};
			name = Debug;
		};
		9F9F33BB18E108010077C85A /* Release */ = {
			isa = XCBuildConfiguration;
			buildSettings = {
				ASSETCATALOG_COMPILER_APPICON_NAME = AppIcon;
				ASSETCATALOG_COMPILER_LAUNCHIMAGE_NAME = LaunchImage;
				GCC_PRECOMPILE_PREFIX_HEADER = YES;
				GCC_PREFIX_HEADER = "Spoonbill/Spoonbill-Prefix.pch";
				INFOPLIST_FILE = "Spoonbill/Spoonbill-Info.plist";
				IPHONEOS_DEPLOYMENT_TARGET = 7.0;
				PRODUCT_NAME = "$(TARGET_NAME)";
				WRAPPER_EXTENSION = app;
			};
			name = Release;
		};
		9F9F33BD18E108010077C85A /* Debug */ = {
			isa = XCBuildConfiguration;
			buildSettings = {
				BUNDLE_LOADER = "$(BUILT_PRODUCTS_DIR)/Spoonbill.app/Spoonbill";
				FRAMEWORK_SEARCH_PATHS = (
					"$(SDKROOT)/Developer/Library/Frameworks",
					"$(inherited)",
					"$(DEVELOPER_FRAMEWORKS_DIR)",
				);
				GCC_PRECOMPILE_PREFIX_HEADER = YES;
				GCC_PREFIX_HEADER = "Spoonbill/Spoonbill-Prefix.pch";
				GCC_PREPROCESSOR_DEFINITIONS = (
					"DEBUG=1",
					"$(inherited)",
				);
				INFOPLIST_FILE = "SpoonbillTests/SpoonbillTests-Info.plist";
				IPHONEOS_DEPLOYMENT_TARGET = 7.0;
				PRODUCT_NAME = "$(TARGET_NAME)";
				TEST_HOST = "$(BUNDLE_LOADER)";
				WRAPPER_EXTENSION = xctest;
			};
			name = Debug;
		};
		9F9F33BE18E108010077C85A /* Release */ = {
			isa = XCBuildConfiguration;
			buildSettings = {
				BUNDLE_LOADER = "$(BUILT_PRODUCTS_DIR)/Spoonbill.app/Spoonbill";
				FRAMEWORK_SEARCH_PATHS = (
					"$(SDKROOT)/Developer/Library/Frameworks",
					"$(inherited)",
					"$(DEVELOPER_FRAMEWORKS_DIR)",
				);
				GCC_PRECOMPILE_PREFIX_HEADER = YES;
				GCC_PREFIX_HEADER = "Spoonbill/Spoonbill-Prefix.pch";
				INFOPLIST_FILE = "SpoonbillTests/SpoonbillTests-Info.plist";
				IPHONEOS_DEPLOYMENT_TARGET = 7.0;
				PRODUCT_NAME = "$(TARGET_NAME)";
				TEST_HOST = "$(BUNDLE_LOADER)";
				WRAPPER_EXTENSION = xctest;
			};
			name = Release;
		};
/* End XCBuildConfiguration section */

/* Begin XCConfigurationList section */
		9F9F338218E108010077C85A /* Build configuration list for PBXProject "Spoonbill" */ = {
			isa = XCConfigurationList;
			buildConfigurations = (
				9F9F33B718E108010077C85A /* Debug */,
				9F9F33B818E108010077C85A /* Release */,
			);
			defaultConfigurationIsVisible = 0;
			defaultConfigurationName = Release;
		};
		9F9F33B918E108010077C85A /* Build configuration list for PBXNativeTarget "Spoonbill" */ = {
			isa = XCConfigurationList;
			buildConfigurations = (
				9F9F33BA18E108010077C85A /* Debug */,
				9F9F33BB18E108010077C85A /* Release */,
			);
			defaultConfigurationIsVisible = 0;
			defaultConfigurationName = Release;
		};
		9F9F33BC18E108010077C85A /* Build configuration list for PBXNativeTarget "SpoonbillTests" */ = {
			isa = XCConfigurationList;
			buildConfigurations = (
				9F9F33BD18E108010077C85A /* Debug */,
				9F9F33BE18E108010077C85A /* Release */,
			);
			defaultConfigurationIsVisible = 0;
			defaultConfigurationName = Release;
		};
/* End XCConfigurationList section */

/* Begin XCVersionGroup section */
		9F9F33C818E1148E0077C85A /* TripDataStorage.xcdatamodeld */ = {
			isa = XCVersionGroup;
			children = (
				9F9F33C918E1148E0077C85A /* TripDataStorage.xcdatamodel */,
			);
			currentVersion = 9F9F33C918E1148E0077C85A /* TripDataStorage.xcdatamodel */;
			path = TripDataStorage.xcdatamodeld;
			sourceTree = "<group>";
			versionGroupType = wrapper.xcdatamodel;
		};
/* End XCVersionGroup section */
	};
	rootObject = 9F9F337F18E108010077C85A /* Project object */;
}
